PODS:
  - Alamofire (5.2.2)
  - AppAuth (1.4.0):
    - AppAuth/Core (= 1.4.0)
    - AppAuth/ExternalUserAgent (= 1.4.0)
  - AppAuth/Core (1.4.0)
  - AppAuth/ExternalUserAgent (1.4.0)
  - appcenter-analytics (3.0.1):
    - AppCenter/Analytics
    - AppCenterReactNativeShared
    - React
  - appcenter-core (3.0.1):
    - AppCenterReactNativeShared
    - React
  - appcenter-crashes (3.0.1):
    - AppCenter/Crashes
    - AppCenterReactNativeShared
    - React
  - AppCenter/Analytics (3.3.2):
    - AppCenter/Core
  - AppCenter/Core (3.3.2)
  - AppCenter/Crashes (3.3.2):
    - AppCenter/Core
  - AppCenterReactNativeShared (3.1.1):
    - AppCenter/Core (= 3.3.2)
  - Base64 (1.1.2)
  - boost-for-react-native (1.63.0)
  - BVLinearGradient (2.5.6):
    - React
  - CodePush (6.2.0):
    - Base64 (~> 1.1)
    - JWT (~> 3.0.0-beta.7)
    - React
    - SSZipArchive (~> 2.1)
  - DoubleConversion (1.1.6)
  - FBLazyVector (0.62.1)
  - FBReactNativeSpec (0.62.1):
    - Folly (= 2018.10.22.00)
    - RCTRequired (= 0.62.1)
    - RCTTypeSafety (= 0.62.1)
    - React-Core (= 0.62.1)
    - React-jsi (= 0.62.1)
    - ReactCommon/turbomodule/core (= 0.62.1)
  - FBSDKCoreKit (5.8.0):
    - FBSDKCoreKit/Basics (= 5.8.0)
    - FBSDKCoreKit/Core (= 5.8.0)
  - FBSDKCoreKit/Basics (5.8.0)
  - FBSDKCoreKit/Core (5.8.0):
    - FBSDKCoreKit/Basics
  - FBSDKLoginKit (5.8.0):
    - FBSDKLoginKit/Login (= 5.8.0)
  - FBSDKLoginKit/Login (5.8.0):
    - FBSDKCoreKit (~> 5.0)
  - FBSDKShareKit (5.8.0):
    - FBSDKShareKit/Share (= 5.8.0)
  - FBSDKShareKit/Share (5.8.0):
    - FBSDKCoreKit (~> 5.0)
  - Firebase/Analytics (6.30.0):
    - Firebase/Core
  - Firebase/Core (6.30.0):
    - Firebase/CoreOnly
    - FirebaseAnalytics (= 6.7.2)
  - Firebase/CoreOnly (6.30.0):
    - FirebaseCore (= 6.10.0)
  - FirebaseAnalytics (6.7.2):
    - FirebaseCore (~> 6.8)
    - FirebaseInstallations (~> 1.4)
    - GoogleAppMeasurement (= 6.7.2)
    - GoogleUtilities/AppDelegateSwizzler (~> 6.7)
    - GoogleUtilities/MethodSwizzler (~> 6.7)
    - GoogleUtilities/Network (~> 6.7)
    - "GoogleUtilities/NSData+zlib (~> 6.7)"
    - nanopb (~> 1.30905.0)
  - FirebaseCore (6.10.0):
    - FirebaseCoreDiagnostics (~> 1.3)
    - GoogleUtilities/Environment (~> 6.7)
    - GoogleUtilities/Logger (~> 6.7)
  - FirebaseCoreDiagnostics (1.5.0):
    - GoogleDataTransport (~> 7.0)
    - GoogleUtilities/Environment (~> 6.7)
    - GoogleUtilities/Logger (~> 6.7)
    - nanopb (~> 1.30905.0)
  - FirebaseInstallations (1.7.0):
    - FirebaseCore (~> 6.10)
    - GoogleUtilities/Environment (~> 6.7)
    - GoogleUtilities/UserDefaults (~> 6.7)
    - PromisesObjC (~> 1.2)
  - Folly (2018.10.22.00):
    - boost-for-react-native
    - DoubleConversion
    - Folly/Default (= 2018.10.22.00)
    - glog
  - Folly/Default (2018.10.22.00):
    - boost-for-react-native
    - DoubleConversion
    - glog
  - GCDWebServer (3.5.4):
    - GCDWebServer/Core (= 3.5.4)
  - GCDWebServer/Core (3.5.4)
  - glog (0.3.5)
  - GoogleAppMeasurement (6.7.2):
    - GoogleUtilities/AppDelegateSwizzler (~> 6.7)
    - GoogleUtilities/MethodSwizzler (~> 6.7)
    - GoogleUtilities/Network (~> 6.7)
    - "GoogleUtilities/NSData+zlib (~> 6.7)"
    - nanopb (~> 1.30905.0)
  - GoogleDataTransport (7.2.0):
    - nanopb (~> 1.30905.0)
  - GoogleSignIn (5.0.2):
    - AppAuth (~> 1.2)
    - GTMAppAuth (~> 1.0)
    - GTMSessionFetcher/Core (~> 1.1)
  - GoogleUtilities/AppDelegateSwizzler (6.7.2):
    - GoogleUtilities/Environment
    - GoogleUtilities/Logger
    - GoogleUtilities/Network
  - GoogleUtilities/Environment (6.7.2):
    - PromisesObjC (~> 1.2)
  - GoogleUtilities/Logger (6.7.2):
    - GoogleUtilities/Environment
  - GoogleUtilities/MethodSwizzler (6.7.2):
    - GoogleUtilities/Logger
  - GoogleUtilities/Network (6.7.2):
    - GoogleUtilities/Logger
    - "GoogleUtilities/NSData+zlib"
    - GoogleUtilities/Reachability
  - "GoogleUtilities/NSData+zlib (6.7.2)"
  - GoogleUtilities/Reachability (6.7.2):
    - GoogleUtilities/Logger
  - GoogleUtilities/UserDefaults (6.7.2):
    - GoogleUtilities/Logger
  - GTMAppAuth (1.0.0):
    - AppAuth/Core (~> 1.0)
    - GTMSessionFetcher (~> 1.1)
  - GTMSessionFetcher (1.4.0):
    - GTMSessionFetcher/Full (= 1.4.0)
  - GTMSessionFetcher/Core (1.4.0)
  - GTMSessionFetcher/Full (1.4.0):
    - GTMSessionFetcher/Core (= 1.4.0)
  - JWT (3.0.0-beta.12):
    - Base64 (~> 1.1.2)
  - nanopb (1.30905.0):
    - nanopb/decode (= 1.30905.0)
    - nanopb/encode (= 1.30905.0)
  - nanopb/decode (1.30905.0)
  - nanopb/encode (1.30905.0)
  - Permission-Camera (2.1.4):
    - RNPermissions
  - PromisesObjC (1.2.10)
  - RCTRequired (0.62.1)
  - RCTRestart (0.0.14):
    - React
  - RCTTypeSafety (0.62.1):
    - FBLazyVector (= 0.62.1)
    - Folly (= 2018.10.22.00)
    - RCTRequired (= 0.62.1)
    - React-Core (= 0.62.1)
  - React (0.62.1):
    - React-Core (= 0.62.1)
    - React-Core/DevSupport (= 0.62.1)
    - React-Core/RCTWebSocket (= 0.62.1)
    - React-RCTActionSheet (= 0.62.1)
    - React-RCTAnimation (= 0.62.1)
    - React-RCTBlob (= 0.62.1)
    - React-RCTImage (= 0.62.1)
    - React-RCTLinking (= 0.62.1)
    - React-RCTNetwork (= 0.62.1)
    - React-RCTSettings (= 0.62.1)
    - React-RCTText (= 0.62.1)
    - React-RCTVibration (= 0.62.1)
  - React-Core (0.62.1):
    - Folly (= 2018.10.22.00)
    - glog
    - React-Core/Default (= 0.62.1)
    - React-cxxreact (= 0.62.1)
    - React-jsi (= 0.62.1)
    - React-jsiexecutor (= 0.62.1)
    - Yoga
  - React-Core/CoreModulesHeaders (0.62.1):
    - Folly (= 2018.10.22.00)
    - glog
    - React-Core/Default
    - React-cxxreact (= 0.62.1)
    - React-jsi (= 0.62.1)
    - React-jsiexecutor (= 0.62.1)
    - Yoga
  - React-Core/Default (0.62.1):
    - Folly (= 2018.10.22.00)
    - glog
    - React-cxxreact (= 0.62.1)
    - React-jsi (= 0.62.1)
    - React-jsiexecutor (= 0.62.1)
    - Yoga
  - React-Core/DevSupport (0.62.1):
    - Folly (= 2018.10.22.00)
    - glog
    - React-Core/Default (= 0.62.1)
    - React-Core/RCTWebSocket (= 0.62.1)
    - React-cxxreact (= 0.62.1)
    - React-jsi (= 0.62.1)
    - React-jsiexecutor (= 0.62.1)
    - React-jsinspector (= 0.62.1)
    - Yoga
  - React-Core/RCTActionSheetHeaders (0.62.1):
    - Folly (= 2018.10.22.00)
    - glog
    - React-Core/Default
    - React-cxxreact (= 0.62.1)
    - React-jsi (= 0.62.1)
    - React-jsiexecutor (= 0.62.1)
    - Yoga
  - React-Core/RCTAnimationHeaders (0.62.1):
    - Folly (= 2018.10.22.00)
    - glog
    - React-Core/Default
    - React-cxxreact (= 0.62.1)
    - React-jsi (= 0.62.1)
    - React-jsiexecutor (= 0.62.1)
    - Yoga
  - React-Core/RCTBlobHeaders (0.62.1):
    - Folly (= 2018.10.22.00)
    - glog
    - React-Core/Default
    - React-cxxreact (= 0.62.1)
    - React-jsi (= 0.62.1)
    - React-jsiexecutor (= 0.62.1)
    - Yoga
  - React-Core/RCTImageHeaders (0.62.1):
    - Folly (= 2018.10.22.00)
    - glog
    - React-Core/Default
    - React-cxxreact (= 0.62.1)
    - React-jsi (= 0.62.1)
    - React-jsiexecutor (= 0.62.1)
    - Yoga
  - React-Core/RCTLinkingHeaders (0.62.1):
    - Folly (= 2018.10.22.00)
    - glog
    - React-Core/Default
    - React-cxxreact (= 0.62.1)
    - React-jsi (= 0.62.1)
    - React-jsiexecutor (= 0.62.1)
    - Yoga
  - React-Core/RCTNetworkHeaders (0.62.1):
    - Folly (= 2018.10.22.00)
    - glog
    - React-Core/Default
    - React-cxxreact (= 0.62.1)
    - React-jsi (= 0.62.1)
    - React-jsiexecutor (= 0.62.1)
    - Yoga
  - React-Core/RCTSettingsHeaders (0.62.1):
    - Folly (= 2018.10.22.00)
    - glog
    - React-Core/Default
    - React-cxxreact (= 0.62.1)
    - React-jsi (= 0.62.1)
    - React-jsiexecutor (= 0.62.1)
    - Yoga
  - React-Core/RCTTextHeaders (0.62.1):
    - Folly (= 2018.10.22.00)
    - glog
    - React-Core/Default
    - React-cxxreact (= 0.62.1)
    - React-jsi (= 0.62.1)
    - React-jsiexecutor (= 0.62.1)
    - Yoga
  - React-Core/RCTVibrationHeaders (0.62.1):
    - Folly (= 2018.10.22.00)
    - glog
    - React-Core/Default
    - React-cxxreact (= 0.62.1)
    - React-jsi (= 0.62.1)
    - React-jsiexecutor (= 0.62.1)
    - Yoga
  - React-Core/RCTWebSocket (0.62.1):
    - Folly (= 2018.10.22.00)
    - glog
    - React-Core/Default (= 0.62.1)
    - React-cxxreact (= 0.62.1)
    - React-jsi (= 0.62.1)
    - React-jsiexecutor (= 0.62.1)
    - Yoga
  - React-CoreModules (0.62.1):
    - FBReactNativeSpec (= 0.62.1)
    - Folly (= 2018.10.22.00)
    - RCTTypeSafety (= 0.62.1)
    - React-Core/CoreModulesHeaders (= 0.62.1)
    - React-RCTImage (= 0.62.1)
    - ReactCommon/turbomodule/core (= 0.62.1)
  - React-cxxreact (0.62.1):
    - boost-for-react-native (= 1.63.0)
    - DoubleConversion
    - Folly (= 2018.10.22.00)
    - glog
    - React-jsinspector (= 0.62.1)
  - React-jsi (0.62.1):
    - boost-for-react-native (= 1.63.0)
    - DoubleConversion
    - Folly (= 2018.10.22.00)
    - glog
    - React-jsi/Default (= 0.62.1)
  - React-jsi/Default (0.62.1):
    - boost-for-react-native (= 1.63.0)
    - DoubleConversion
    - Folly (= 2018.10.22.00)
    - glog
  - React-jsiexecutor (0.62.1):
    - DoubleConversion
    - Folly (= 2018.10.22.00)
    - glog
    - React-cxxreact (= 0.62.1)
    - React-jsi (= 0.62.1)
  - React-jsinspector (0.62.1)
  - react-native-camera (3.23.1):
    - React
    - react-native-camera/RCT (= 3.23.1)
    - react-native-camera/RN (= 3.23.1)
  - react-native-camera/RCT (3.23.1):
    - React
  - react-native-camera/RN (3.23.1):
    - React
  - react-native-fbsdk (1.1.2):
    - React
    - react-native-fbsdk/Core (= 1.1.2)
    - react-native-fbsdk/Login (= 1.1.2)
    - react-native-fbsdk/Share (= 1.1.2)
  - react-native-fbsdk/Core (1.1.2):
    - FBSDKCoreKit (= 5.8)
    - React
  - react-native-fbsdk/Login (1.1.2):
    - FBSDKLoginKit (= 5.8)
    - React
  - react-native-fbsdk/Share (1.1.2):
    - FBSDKShareKit (= 5.8)
    - React
  - react-native-netinfo (5.7.0):
    - React
  - react-native-safe-area-context (3.1.7):
    - React
  - react-native-segmented-control (2.0.1):
    - React
  - react-native-splash-screen (3.2.0):
    - React
  - react-native-webview (8.2.1):
    - React
  - React-RCTActionSheet (0.62.1):
    - React-Core/RCTActionSheetHeaders (= 0.62.1)
  - React-RCTAnimation (0.62.1):
    - FBReactNativeSpec (= 0.62.1)
    - Folly (= 2018.10.22.00)
    - RCTTypeSafety (= 0.62.1)
    - React-Core/RCTAnimationHeaders (= 0.62.1)
    - ReactCommon/turbomodule/core (= 0.62.1)
  - React-RCTBlob (0.62.1):
    - FBReactNativeSpec (= 0.62.1)
    - Folly (= 2018.10.22.00)
    - React-Core/RCTBlobHeaders (= 0.62.1)
    - React-Core/RCTWebSocket (= 0.62.1)
    - React-jsi (= 0.62.1)
    - React-RCTNetwork (= 0.62.1)
    - ReactCommon/turbomodule/core (= 0.62.1)
  - React-RCTImage (0.62.1):
    - FBReactNativeSpec (= 0.62.1)
    - Folly (= 2018.10.22.00)
    - RCTTypeSafety (= 0.62.1)
    - React-Core/RCTImageHeaders (= 0.62.1)
    - React-RCTNetwork (= 0.62.1)
    - ReactCommon/turbomodule/core (= 0.62.1)
  - React-RCTLinking (0.62.1):
    - FBReactNativeSpec (= 0.62.1)
    - React-Core/RCTLinkingHeaders (= 0.62.1)
    - ReactCommon/turbomodule/core (= 0.62.1)
  - React-RCTNetwork (0.62.1):
    - FBReactNativeSpec (= 0.62.1)
    - Folly (= 2018.10.22.00)
    - RCTTypeSafety (= 0.62.1)
    - React-Core/RCTNetworkHeaders (= 0.62.1)
    - ReactCommon/turbomodule/core (= 0.62.1)
  - React-RCTSettings (0.62.1):
    - FBReactNativeSpec (= 0.62.1)
    - Folly (= 2018.10.22.00)
    - RCTTypeSafety (= 0.62.1)
    - React-Core/RCTSettingsHeaders (= 0.62.1)
    - ReactCommon/turbomodule/core (= 0.62.1)
  - React-RCTText (0.62.1):
    - React-Core/RCTTextHeaders (= 0.62.1)
  - React-RCTVibration (0.62.1):
    - FBReactNativeSpec (= 0.62.1)
    - Folly (= 2018.10.22.00)
    - React-Core/RCTVibrationHeaders (= 0.62.1)
    - ReactCommon/turbomodule/core (= 0.62.1)
  - ReactCommon/callinvoker (0.62.1):
    - DoubleConversion
    - Folly (= 2018.10.22.00)
    - glog
    - React-cxxreact (= 0.62.1)
  - ReactCommon/turbomodule/core (0.62.1):
    - DoubleConversion
    - Folly (= 2018.10.22.00)
    - glog
    - React-Core (= 0.62.1)
    - React-cxxreact (= 0.62.1)
    - React-jsi (= 0.62.1)
    - ReactCommon/callinvoker (= 0.62.1)
  - ReactNativeDarkMode (0.2.2):
    - React
  - RealmJS (6.1.2):
    - GCDWebServer
    - React
  - RNAppleAuthentication (2.0.1):
    - React-Core
  - RNCClipboard (1.2.1):
    - React
  - RNCMaskedView (0.1.8):
    - React
  - RNDateTimePicker (3.0.2):
    - React
  - RNDeviceInfo (5.5.4):
    - React
  - RNFBAnalytics (7.6.1):
    - Firebase/Analytics (~> 6.30.0)
    - React
    - RNFBApp
  - RNFBApp (8.4.1):
    - Firebase/CoreOnly (~> 6.30.0)
    - React
  - RNGestureHandler (1.6.1):
    - React
  - RNGoogleSignin (3.0.4):
    - GoogleSignIn (~> 5.0.0)
    - React
  - RNIap (4.4.3):
    - React
  - RNLocalize (1.4.0):
    - React
  - RNPermissions (2.1.4):
    - React
  - RNReanimated (1.10.2):
    - React
  - RNScreens (2.4.0):
    - React
  - RNSound (0.11.0):
    - React
    - RNSound/Core (= 0.11.0)
  - RNSound/Core (0.11.0):
    - React
  - RNSVG (12.1.0):
    - React
  - RNVectorIcons (6.6.0):
    - React
  - SSZipArchive (2.2.3)
  - SwiftKeychainWrapper (3.4.0)
  - Yoga (1.14.0)

DEPENDENCIES:
  - Alamofire (~> 5.0)
  - appcenter-analytics (from `../node_modules/appcenter-analytics/ios`)
  - appcenter-core (from `../node_modules/appcenter/ios`)
  - appcenter-crashes (from `../node_modules/appcenter-crashes/ios`)
  - BVLinearGradient (from `../node_modules/react-native-linear-gradient`)
  - CodePush (from `../node_modules/react-native-code-push`)
  - DoubleConversion (from `../node_modules/react-native/third-party-podspecs/DoubleConversion.podspec`)
  - FBLazyVector (from `../node_modules/react-native/Libraries/FBLazyVector`)
  - FBReactNativeSpec (from `../node_modules/react-native/Libraries/FBReactNativeSpec`)
  - Folly (from `../node_modules/react-native/third-party-podspecs/Folly.podspec`)
  - glog (from `../node_modules/react-native/third-party-podspecs/glog.podspec`)
  - Permission-Camera (from `../node_modules/react-native-permissions/ios/Camera.podspec`)
  - RCTRequired (from `../node_modules/react-native/Libraries/RCTRequired`)
  - RCTRestart (from `../node_modules/react-native-restart`)
  - RCTTypeSafety (from `../node_modules/react-native/Libraries/TypeSafety`)
  - React (from `../node_modules/react-native/`)
  - React-Core (from `../node_modules/react-native/`)
  - React-Core/DevSupport (from `../node_modules/react-native/`)
  - React-Core/RCTWebSocket (from `../node_modules/react-native/`)
  - React-CoreModules (from `../node_modules/react-native/React/CoreModules`)
  - React-cxxreact (from `../node_modules/react-native/ReactCommon/cxxreact`)
  - React-jsi (from `../node_modules/react-native/ReactCommon/jsi`)
  - React-jsiexecutor (from `../node_modules/react-native/ReactCommon/jsiexecutor`)
  - React-jsinspector (from `../node_modules/react-native/ReactCommon/jsinspector`)
  - react-native-camera (from `../node_modules/react-native-camera`)
  - react-native-fbsdk (from `../node_modules/react-native-fbsdk`)
  - "react-native-netinfo (from `../node_modules/@react-native-community/netinfo`)"
  - react-native-safe-area-context (from `../node_modules/react-native-safe-area-context`)
  - "react-native-segmented-control (from `../node_modules/@react-native-community/segmented-control`)"
  - react-native-splash-screen (from `../node_modules/react-native-splash-screen`)
  - react-native-webview (from `../node_modules/react-native-webview`)
  - React-RCTActionSheet (from `../node_modules/react-native/Libraries/ActionSheetIOS`)
  - React-RCTAnimation (from `../node_modules/react-native/Libraries/NativeAnimation`)
  - React-RCTBlob (from `../node_modules/react-native/Libraries/Blob`)
  - React-RCTImage (from `../node_modules/react-native/Libraries/Image`)
  - React-RCTLinking (from `../node_modules/react-native/Libraries/LinkingIOS`)
  - React-RCTNetwork (from `../node_modules/react-native/Libraries/Network`)
  - React-RCTSettings (from `../node_modules/react-native/Libraries/Settings`)
  - React-RCTText (from `../node_modules/react-native/Libraries/Text`)
  - React-RCTVibration (from `../node_modules/react-native/Libraries/Vibration`)
  - ReactCommon/callinvoker (from `../node_modules/react-native/ReactCommon`)
  - ReactCommon/turbomodule/core (from `../node_modules/react-native/ReactCommon`)
  - ReactNativeDarkMode (from `../node_modules/react-native-dark-mode`)
  - RealmJS (from `../node_modules/realm`)
  - "RNAppleAuthentication (from `../node_modules/@invertase/react-native-apple-authentication`)"
  - "RNCClipboard (from `../node_modules/@react-native-community/clipboard`)"
  - "RNCMaskedView (from `../node_modules/@react-native-community/masked-view`)"
  - "RNDateTimePicker (from `../node_modules/@react-native-community/datetimepicker`)"
  - RNDeviceInfo (from `../node_modules/react-native-device-info`)
  - "RNFBAnalytics (from `../node_modules/@react-native-firebase/analytics`)"
  - "RNFBApp (from `../node_modules/@react-native-firebase/app`)"
  - RNGestureHandler (from `../node_modules/react-native-gesture-handler`)
  - "RNGoogleSignin (from `../node_modules/@react-native-community/google-signin`)"
  - RNIap (from `../node_modules/react-native-iap`)
  - RNLocalize (from `../node_modules/react-native-localize`)
  - RNPermissions (from `../node_modules/react-native-permissions`)
  - RNReanimated (from `../node_modules/react-native-reanimated`)
  - RNScreens (from `../node_modules/react-native-screens`)
  - RNSound (from `../node_modules/react-native-sound`)
  - RNSVG (from `../node_modules/react-native-svg`)
  - RNVectorIcons (from `../node_modules/react-native-vector-icons`)
  - SwiftKeychainWrapper
  - Yoga (from `../node_modules/react-native/ReactCommon/yoga`)

SPEC REPOS:
  trunk:
    - Alamofire
    - AppAuth
    - AppCenter
    - AppCenterReactNativeShared
    - Base64
    - boost-for-react-native
    - FBSDKCoreKit
    - FBSDKLoginKit
    - FBSDKShareKit
    - Firebase
    - FirebaseAnalytics
    - FirebaseCore
    - FirebaseCoreDiagnostics
    - FirebaseInstallations
    - GCDWebServer
    - GoogleAppMeasurement
    - GoogleDataTransport
    - GoogleSignIn
    - GoogleUtilities
    - GTMAppAuth
    - GTMSessionFetcher
    - JWT
    - nanopb
    - PromisesObjC
    - SSZipArchive
    - SwiftKeychainWrapper

EXTERNAL SOURCES:
  appcenter-analytics:
    :path: "../node_modules/appcenter-analytics/ios"
  appcenter-core:
    :path: "../node_modules/appcenter/ios"
  appcenter-crashes:
    :path: "../node_modules/appcenter-crashes/ios"
  BVLinearGradient:
    :path: "../node_modules/react-native-linear-gradient"
  CodePush:
    :path: "../node_modules/react-native-code-push"
  DoubleConversion:
    :podspec: "../node_modules/react-native/third-party-podspecs/DoubleConversion.podspec"
  FBLazyVector:
    :path: "../node_modules/react-native/Libraries/FBLazyVector"
  FBReactNativeSpec:
    :path: "../node_modules/react-native/Libraries/FBReactNativeSpec"
  Folly:
    :podspec: "../node_modules/react-native/third-party-podspecs/Folly.podspec"
  glog:
    :podspec: "../node_modules/react-native/third-party-podspecs/glog.podspec"
  Permission-Camera:
    :path: "../node_modules/react-native-permissions/ios/Camera.podspec"
  RCTRequired:
    :path: "../node_modules/react-native/Libraries/RCTRequired"
  RCTRestart:
    :path: "../node_modules/react-native-restart"
  RCTTypeSafety:
    :path: "../node_modules/react-native/Libraries/TypeSafety"
  React:
    :path: "../node_modules/react-native/"
  React-Core:
    :path: "../node_modules/react-native/"
  React-CoreModules:
    :path: "../node_modules/react-native/React/CoreModules"
  React-cxxreact:
    :path: "../node_modules/react-native/ReactCommon/cxxreact"
  React-jsi:
    :path: "../node_modules/react-native/ReactCommon/jsi"
  React-jsiexecutor:
    :path: "../node_modules/react-native/ReactCommon/jsiexecutor"
  React-jsinspector:
    :path: "../node_modules/react-native/ReactCommon/jsinspector"
  react-native-camera:
    :path: "../node_modules/react-native-camera"
  react-native-fbsdk:
    :path: "../node_modules/react-native-fbsdk"
  react-native-netinfo:
    :path: "../node_modules/@react-native-community/netinfo"
  react-native-safe-area-context:
    :path: "../node_modules/react-native-safe-area-context"
  react-native-segmented-control:
    :path: "../node_modules/@react-native-community/segmented-control"
  react-native-splash-screen:
    :path: "../node_modules/react-native-splash-screen"
  react-native-webview:
    :path: "../node_modules/react-native-webview"
  React-RCTActionSheet:
    :path: "../node_modules/react-native/Libraries/ActionSheetIOS"
  React-RCTAnimation:
    :path: "../node_modules/react-native/Libraries/NativeAnimation"
  React-RCTBlob:
    :path: "../node_modules/react-native/Libraries/Blob"
  React-RCTImage:
    :path: "../node_modules/react-native/Libraries/Image"
  React-RCTLinking:
    :path: "../node_modules/react-native/Libraries/LinkingIOS"
  React-RCTNetwork:
    :path: "../node_modules/react-native/Libraries/Network"
  React-RCTSettings:
    :path: "../node_modules/react-native/Libraries/Settings"
  React-RCTText:
    :path: "../node_modules/react-native/Libraries/Text"
  React-RCTVibration:
    :path: "../node_modules/react-native/Libraries/Vibration"
  ReactCommon:
    :path: "../node_modules/react-native/ReactCommon"
  ReactNativeDarkMode:
    :path: "../node_modules/react-native-dark-mode"
  RealmJS:
    :path: "../node_modules/realm"
  RNAppleAuthentication:
    :path: "../node_modules/@invertase/react-native-apple-authentication"
  RNCClipboard:
    :path: "../node_modules/@react-native-community/clipboard"
  RNCMaskedView:
    :path: "../node_modules/@react-native-community/masked-view"
  RNDateTimePicker:
    :path: "../node_modules/@react-native-community/datetimepicker"
  RNDeviceInfo:
    :path: "../node_modules/react-native-device-info"
  RNFBAnalytics:
    :path: "../node_modules/@react-native-firebase/analytics"
  RNFBApp:
    :path: "../node_modules/@react-native-firebase/app"
  RNGestureHandler:
    :path: "../node_modules/react-native-gesture-handler"
  RNGoogleSignin:
    :path: "../node_modules/@react-native-community/google-signin"
  RNIap:
    :path: "../node_modules/react-native-iap"
  RNLocalize:
    :path: "../node_modules/react-native-localize"
  RNPermissions:
    :path: "../node_modules/react-native-permissions"
  RNReanimated:
    :path: "../node_modules/react-native-reanimated"
  RNScreens:
    :path: "../node_modules/react-native-screens"
  RNSound:
    :path: "../node_modules/react-native-sound"
  RNSVG:
    :path: "../node_modules/react-native-svg"
  RNVectorIcons:
    :path: "../node_modules/react-native-vector-icons"
  Yoga:
    :path: "../node_modules/react-native/ReactCommon/yoga"

SPEC CHECKSUMS:
  Alamofire: 814429acc853c6c54ff123fc3d2ef66803823ce0
  AppAuth: 31bcec809a638d7bd2f86ea8a52bd45f6e81e7c7
  AppCenter: aba7de06e4c2184f90dc84f7866bd07f82427d69
  appcenter-analytics: 46b4bb2832834a198ba6c4058b4eb335386c1063
  appcenter-core: 765878f5c300907bb70dbb8e956c5a74df7ca23d
  appcenter-crashes: 66b533f4e2a2278ddbd9369614fe18f0d7f58e47
  AppCenterReactNativeShared: b9fa50d999e830e03f086f487b1aa0f9772088c1
  Base64: cecfb41a004124895a7bcee567a89bae5a89d49b
  boost-for-react-native: 39c7adb57c4e60d6c5479dd8623128eb5b3f0f2c
  BVLinearGradient: e3aad03778a456d77928f594a649e96995f1c872
  CodePush: 3285d39e9865e0a37a415417402bf568ce49268a
  DoubleConversion: 5805e889d232975c086db112ece9ed034df7a0b2
  FBLazyVector: 95ee3e58937a6052f86b0e32f142388c22fa22c5
  FBReactNativeSpec: 26dd6459299e48cd64eb397c45635e466dba9f45
  FBSDKCoreKit: e7dcac0aabcfb09d0166998edd95fe3b05a0ce5d
  FBSDKLoginKit: 1b0cf04df0370b37404213157b060d6666ede814
  FBSDKShareKit: abc29e1bb4f9f59f679adf1ae191006d68455f96
  Firebase: 210f41ca352067d83b1ba4fd2e7fb49a0c017397
  FirebaseAnalytics: a299a86ef70fcc6aa011418bc65a7e101fb9636c
  FirebaseCore: 9a41e2de78fef10f63cee30ab10e2945266bc1fc
  FirebaseCoreDiagnostics: 7535fe695737f8c5b350584292a70b7f8ff0357b
  FirebaseInstallations: 466c7b4d1f58fe16707693091da253726a731ed2
  Folly: 30e7936e1c45c08d884aa59369ed951a8e68cf51
  GCDWebServer: 2c156a56c8226e2d5c0c3f208a3621ccffbe3ce4
  glog: 1f3da668190260b06b429bb211bfbee5cd790c28
  GoogleAppMeasurement: 3def7652b1f5b5a576178dc332e2a36a260fbef6
  GoogleDataTransport: 672fb0ce96fe7f7f31d43672fca62ad2c9c86f7b
  GoogleSignIn: 7137d297ddc022a7e0aa4619c86d72c909fa7213
  GoogleUtilities: 7f2f5a07f888cdb145101d6042bc4422f57e70b3
  GTMAppAuth: 4deac854479704f348309e7b66189e604cf5e01e
  GTMSessionFetcher: 6f5c8abbab8a9bce4bb3f057e317728ec6182b10
  JWT: 9b5c05abbcc1a0e69c3c91e1655b3387fc7e581d
  nanopb: c43f40fadfe79e8b8db116583945847910cbabc9
  Permission-Camera: 402f1ac15b962448d75e8cf2039d235e7bc09a85
  PromisesObjC: b14b1c6b68e306650688599de8a45e49fae81151
  RCTRequired: e291538a455f5ad1afc2139a4288990be0cadd46
  RCTRestart: 3915cac548a37703970941ca33de79a304b8b247
  RCTTypeSafety: 8b6237185765dd9a03a3647807e08864105b1f95
  React: 7b33e15fab929c47ac9c3c94c409258b13cfe452
  React-Core: 9a164d53492e2d8a84e7acf87988253dff09cf93
  React-CoreModules: 9aba468d44532cbc301e1323a62b3d796c69c26d
  React-cxxreact: 1eed6bc2a4f8e25910994b5dfca1acf1878b25c7
  React-jsi: 600d8e42510c3254fd2abd702f4b9d3f598d8f52
  React-jsiexecutor: e9698dee4fd43ceb44832baf15d5745f455b0157
  React-jsinspector: f74a62727e5604119abd4a1eda52c0a12144bcd5
  react-native-camera: 1b52abea404d04e040edb3e74b7c5523c01a3089
  react-native-fbsdk: c35d42169e64aaf66f01713c1e18d0674f7f6519
  react-native-netinfo: becc6dd2bb2335aa85a8adbaefc8e206125e6177
  react-native-safe-area-context: 955ecfce672683b495d9294d2f154a9ad1d9796b
  react-native-segmented-control: b922568e7ff4e1ee241c9b747a29cea89f68548c
  react-native-splash-screen: 200d11d188e2e78cea3ad319964f6142b6384865
  react-native-webview: 160ac8d6bb974e2933f2de6bb7464a8e934ff31d
  React-RCTActionSheet: af8f28dd82fec89b8fe29637b8c779829e016a88
  React-RCTAnimation: 0d21fff7c20fb8ee41de5f2ebb63221127febd96
  React-RCTBlob: 9496bd93130b22069bfbc5d35e98653dae7c35c6
  React-RCTImage: a220d154ab3b92bc8a3d040651a21a047c5876b7
  React-RCTLinking: 07b694640ae4a43e25c0e3e54713345f9ef1a706
  React-RCTNetwork: 043479410782020c2081498b5766db136aea6fe9
  React-RCTSettings: 826bed85c8887cec143f561a27bb3044f28fbde4
  React-RCTText: 239e040f401505001327a109f9188a4e6dad1bd2
  React-RCTVibration: 072c3b427dd29e730c2ee5bfc509cf5054741a50
  ReactCommon: 3585806280c51d5c2c0d3aa5a99014c3badb629d
  ReactNativeDarkMode: 0178ffca3b10f6a7c9f49d6f9810232b328fa949
  RealmJS: 6eb9fd885c5f3cd609b8b50282a5785cb4b48a18
  RNAppleAuthentication: 35162025d279d135a7be78b37d9f3e29dc786cfb
  RNCClipboard: b238c952b0f8d5a6fa5ff96eacb9898608946540
  RNCMaskedView: 4383c3140f1235391fd6029968c166f09ddd0973
  RNDateTimePicker: a84d2b439666c9243d42a8396c588d4d1d36e3f3
  RNDeviceInfo: 6a3d16fce033f6979c4a6a41e62244d183e8c765
  RNFBAnalytics: ffd9149d1fe0ecee0f2571b234d53c25349b9899
  RNFBApp: e4321cad5dd23b43b3b4f0ca060300b9f85cb7a4
  RNGestureHandler: 8f09cd560f8d533eb36da5a6c5a843af9f056b38
  RNGoogleSignin: a00f87261ea13df9a5cea8deafa6927d6f2c3562
  RNIap: 3b6882c6478c4ea3b0f79486566ec01b2c92fd24
  RNLocalize: b6df30cc25ae736d37874f9bce13351db2f56796
  RNPermissions: 3635b407c15f2fe591bd2101c8f20aa0912caba8
  RNReanimated: 7de2dca51deacff78bb880f63c1389a24311b376
  RNScreens: b5c0e1b2b04512919e78bd3898e144a157ce2363
  RNSound: da030221e6ac7e8290c6b43f2b5f2133a8e225b0
  RNSVG: ce9d996113475209013317e48b05c21ee988d42e
  RNVectorIcons: 0bb4def82230be1333ddaeee9fcba45f0b288ed4
  SSZipArchive: 62d4947b08730e4cda640473b0066d209ff033c9
  SwiftKeychainWrapper: 6fc49fbf7d4a6b0772917acb0e53a1639f6078d6
  Yoga: 50fb6eb13d2152e7363293ff603385db380815b1

PODFILE CHECKSUM: 1a1b91f87be0680b93182dbbfd06efdfe9ed8542

COCOAPODS: 1.9.3
