// !$*UTF8*$!
{
	archiveVersion = 1;
	classes = {
	};
	objectVersion = 46;
	objects = {

/* Begin PBXBuildFile section */
		0C59EB2C403941ABB938EEE0 /* EvilIcons.ttf in Resources */ = {isa = PBXBuildFile; fileRef = 8F6115BA7FF0406CA017557A /* EvilIcons.ttf */; };
		13B07FBC1A68108700A75B9A /* AppDelegate.m in Sources */ = {isa = PBXBuildFile; fileRef = 13B07FB01A68108700A75B9A /* AppDelegate.m */; };
		13B07FBD1A68108700A75B9A /* LaunchScreen.xib in Resources */ = {isa = PBXBuildFile; fileRef = 13B07FB11A68108700A75B9A /* LaunchScreen.xib */; };
		13B07FBF1A68108700A75B9A /* Images.xcassets in Resources */ = {isa = PBXBuildFile; fileRef = 13B07FB51A68108700A75B9A /* Images.xcassets */; };
		13B07FC11A68108700A75B9A /* main.m in Sources */ = {isa = PBXBuildFile; fileRef = 13B07FB71A68108700A75B9A /* main.m */; };
		1A5D3F19557442C6B7A7B884 /* Feather.ttf in Resources */ = {isa = PBXBuildFile; fileRef = 6FA1C91862BD4E658FB511A8 /* Feather.ttf */; };
		35C472DA5F424C548513FFF9 /* Roboto_medium.ttf in Resources */ = {isa = PBXBuildFile; fileRef = 078C6EF3B568408CBB44E965 /* Roboto_medium.ttf */; };
		3B6C4B4962F84F0189F5094F /* Octicons.ttf in Resources */ = {isa = PBXBuildFile; fileRef = E62AF9E7B0FF47C8BFEF1009 /* Octicons.ttf */; };
		4C7FD743CE1D4768853FC1E0 /* rubicon-icon-font.ttf in Resources */ = {isa = PBXBuildFile; fileRef = 48D5B2D70A0F41C0909C37E7 /* rubicon-icon-font.ttf */; };
		5A448D2921794EC4B91EE0A0 /* Fontisto.ttf in Resources */ = {isa = PBXBuildFile; fileRef = F71C0E4786A440F492A9778E /* Fontisto.ttf */; };
		5D31CCB4D34A4126BD8122BB /* FontAwesome5_Regular.ttf in Resources */ = {isa = PBXBuildFile; fileRef = 1581EFC6CB214C43BF1F6350 /* FontAwesome5_Regular.ttf */; };
		7691E5F7153D400DBCD3B873 /* MaterialIcons.ttf in Resources */ = {isa = PBXBuildFile; fileRef = DE6907986191456196F94104 /* MaterialIcons.ttf */; };
		7B12A8A76FF44FD093CAF4C3 /* Ionicons.ttf in Resources */ = {isa = PBXBuildFile; fileRef = 3F9341AF0D9F4970BAEC6693 /* Ionicons.ttf */; };
		7C6792B1BD57426F856FEFBF /* FontAwesome5_Brands.ttf in Resources */ = {isa = PBXBuildFile; fileRef = 7216CF88ED57489E91BB73DC /* FontAwesome5_Brands.ttf */; };
		83D10E809E6046B68D3AE2F6 /* SimpleLineIcons.ttf in Resources */ = {isa = PBXBuildFile; fileRef = 963CD25D83DB4BC6A2EDF4CE /* SimpleLineIcons.ttf */; };
		8D517A9FC5C64CB6BDEEF5FD /* MaterialCommunityIcons.ttf in Resources */ = {isa = PBXBuildFile; fileRef = 4C293B567BE94E259F75BA7F /* MaterialCommunityIcons.ttf */; };
		8FAFB12EBC15C3403CAC3D7E /* libPods-Todorant.a in Frameworks */ = {isa = PBXBuildFile; fileRef = 25AC593398A035CBFDBA3998 /* libPods-Todorant.a */; };
		92AC6720C1CF4896A9227DEA /* FontAwesome5_Solid.ttf in Resources */ = {isa = PBXBuildFile; fileRef = C72AEC71CCC0426695FAC0E7 /* FontAwesome5_Solid.ttf */; };
		A48DCD0E8F0272D0117CCC59 /* libPods-TodorantToday.a in Frameworks */ = {isa = PBXBuildFile; fileRef = A6B36A0C094DE3AE3F5614B0 /* libPods-TodorantToday.a */; };
		BA81B6FE0C05492BA063B099 /* Foundation.ttf in Resources */ = {isa = PBXBuildFile; fileRef = CA8ED71F6B3142F6A1CDB7DC /* Foundation.ttf */; };
		BB3A79B62425AF000014DE92 /* NotificationCenter.framework in Frameworks */ = {isa = PBXBuildFile; fileRef = BB3A79B52425AF000014DE92 /* NotificationCenter.framework */; };
		BB3A79C02425AF000014DE92 /* TodorantToday.appex in Embed App Extensions */ = {isa = PBXBuildFile; fileRef = BB3A79B42425AF000014DE92 /* TodorantToday.appex */; settings = {ATTRIBUTES = (RemoveHeadersOnCopy, ); }; };
		BB3A79D32425B0470014DE92 /* ActivityIndicator.swift in Sources */ = {isa = PBXBuildFile; fileRef = BB3A79C72425B0470014DE92 /* ActivityIndicator.swift */; };
		BB3A79D42425B0470014DE92 /* Store.swift in Sources */ = {isa = PBXBuildFile; fileRef = BB3A79C82425B0470014DE92 /* Store.swift */; };
		BB3A79D52425B0470014DE92 /* Request.swift in Sources */ = {isa = PBXBuildFile; fileRef = BB3A79C92425B0470014DE92 /* Request.swift */; };
		BB3A79D62425B0470014DE92 /* EmptyCurrentView.swift in Sources */ = {isa = PBXBuildFile; fileRef = BB3A79CA2425B0470014DE92 /* EmptyCurrentView.swift */; };
		BB3A79D72425B0470014DE92 /* ClearView.swift in Sources */ = {isa = PBXBuildFile; fileRef = BB3A79CB2425B0470014DE92 /* ClearView.swift */; };
		BB3A79D82425B0470014DE92 /* TodayViewController.swift in Sources */ = {isa = PBXBuildFile; fileRef = BB3A79CC2425B0470014DE92 /* TodayViewController.swift */; };
		BB3A79D92425B0470014DE92 /* Localizable.strings in Resources */ = {isa = PBXBuildFile; fileRef = BB3A79CD2425B0470014DE92 /* Localizable.strings */; };
		BB3A79DA2425B0470014DE92 /* Date+Today.swift in Sources */ = {isa = PBXBuildFile; fileRef = BB3A79CE2425B0470014DE92 /* Date+Today.swift */; };
		BB3A79DB2425B0470014DE92 /* CurrentView.swift in Sources */ = {isa = PBXBuildFile; fileRef = BB3A79CF2425B0470014DE92 /* CurrentView.swift */; };
		BB3A79DC2425B0470014DE92 /* ProgressView.swift in Sources */ = {isa = PBXBuildFile; fileRef = BB3A79D02425B0470014DE92 /* ProgressView.swift */; };
		BB3A79DD2425B0470014DE92 /* MainInterface.storyboard in Resources */ = {isa = PBXBuildFile; fileRef = BB3A79D12425B0470014DE92 /* MainInterface.storyboard */; };
		BB3A79DE2425B0470014DE92 /* TodoRoute.swift in Sources */ = {isa = PBXBuildFile; fileRef = BB3A79D22425B0470014DE92 /* TodoRoute.swift */; };
		BB3A79E12425B0660014DE92 /* DateFormatter+AppFormat.swift in Sources */ = {isa = PBXBuildFile; fileRef = BB3A79DF2425B0660014DE92 /* DateFormatter+AppFormat.swift */; };
		BB3A79E22425B0660014DE92 /* String+Today.swift in Sources */ = {isa = PBXBuildFile; fileRef = BB3A79E02425B0660014DE92 /* String+Today.swift */; };
		BB3A79E92425B6850014DE92 /* KeychainItemAccessibility.swift in Sources */ = {isa = PBXBuildFile; fileRef = BB3A79E72425B6850014DE92 /* KeychainItemAccessibility.swift */; };
		BB3A79EA2425B6850014DE92 /* KeychainWrapper.swift in Sources */ = {isa = PBXBuildFile; fileRef = BB3A79E82425B6850014DE92 /* KeychainWrapper.swift */; };
		BB3A79ED2425B71F0014DE92 /* KeychainManager.swift in Sources */ = {isa = PBXBuildFile; fileRef = BB3A79EC2425B71F0014DE92 /* KeychainManager.swift */; };
		BB3A79F12425B9530014DE92 /* KeychainManagerBridge.m in Sources */ = {isa = PBXBuildFile; fileRef = BB3A79F02425B9530014DE92 /* KeychainManagerBridge.m */; };
		BB3A79F92426933F0014DE92 /* TodorantUITests.swift in Sources */ = {isa = PBXBuildFile; fileRef = BB3A79F82426933F0014DE92 /* TodorantUITests.swift */; };
		BB3A7A03242694A70014DE92 /* SnapshotHelper.swift in Sources */ = {isa = PBXBuildFile; fileRef = BB3A7A02242694A60014DE92 /* SnapshotHelper.swift */; };
		BB5F405D2436349300236BCD /* AppCenter-Config.plist in Resources */ = {isa = PBXBuildFile; fileRef = BB5F405C2436349300236BCD /* AppCenter-Config.plist */; };
		BB781738245CE04A004EF3E5 /* InfoPlist.strings in Resources */ = {isa = PBXBuildFile; fileRef = BB78173A245CE04A004EF3E5 /* InfoPlist.strings */; };
		BBEE5D6723F4E9B20041BA38 /* GoogleService-Info.plist in Resources */ = {isa = PBXBuildFile; fileRef = BBEE5D6623F4E9B20041BA38 /* GoogleService-Info.plist */; };
		CF3E6CD6D6B6474EBD791451 /* FontAwesome.ttf in Resources */ = {isa = PBXBuildFile; fileRef = 726ADF191BCC4DABA2BDD39F /* FontAwesome.ttf */; };
		D60E3EF2395E4EDDBB5FF961 /* Zocial.ttf in Resources */ = {isa = PBXBuildFile; fileRef = 8011F29EDD71472C976D89F7 /* Zocial.ttf */; };
		E6828DC3EA76487CA755817B /* Roboto.ttf in Resources */ = {isa = PBXBuildFile; fileRef = EA28768F24FA47F2A8AB4F61 /* Roboto.ttf */; };
		F47A327DE5EF4BBEA902F889 /* Entypo.ttf in Resources */ = {isa = PBXBuildFile; fileRef = A056F2E4FD1844908BD001DA /* Entypo.ttf */; };
		FCBEE29658EC47D2B73098B3 /* AntDesign.ttf in Resources */ = {isa = PBXBuildFile; fileRef = B77D05043B6041AEAAC0BE11 /* AntDesign.ttf */; };
/* End PBXBuildFile section */

/* Begin PBXContainerItemProxy section */
		BB3A79BE2425AF000014DE92 /* PBXContainerItemProxy */ = {
			isa = PBXContainerItemProxy;
			containerPortal = 83CBB9F71A601CBA00E9B192 /* Project object */;
			proxyType = 1;
			remoteGlobalIDString = BB3A79B32425AF000014DE92;
			remoteInfo = TodorantToday;
		};
		BB3A79FB2426933F0014DE92 /* PBXContainerItemProxy */ = {
			isa = PBXContainerItemProxy;
			containerPortal = 83CBB9F71A601CBA00E9B192 /* Project object */;
			proxyType = 1;
			remoteGlobalIDString = 13B07F861A680F5B00A75B9A;
			remoteInfo = Todorant;
		};
/* End PBXContainerItemProxy section */

/* Begin PBXCopyFilesBuildPhase section */
		BB3A79C12425AF000014DE92 /* Embed App Extensions */ = {
			isa = PBXCopyFilesBuildPhase;
			buildActionMask = 2147483647;
			dstPath = "";
			dstSubfolderSpec = 13;
			files = (
				BB3A79C02425AF000014DE92 /* TodorantToday.appex in Embed App Extensions */,
			);
			name = "Embed App Extensions";
			runOnlyForDeploymentPostprocessing = 0;
		};
/* End PBXCopyFilesBuildPhase section */

/* Begin PBXFileReference section */
		008F07F21AC5B25A0029DE68 /* main.jsbundle */ = {isa = PBXFileReference; fileEncoding = 4; lastKnownFileType = text; path = main.jsbundle; sourceTree = "<group>"; };
		078C6EF3B568408CBB44E965 /* Roboto_medium.ttf */ = {isa = PBXFileReference; explicitFileType = undefined; fileEncoding = 9; includeInIndex = 0; lastKnownFileType = unknown; name = Roboto_medium.ttf; path = "../node_modules/native-base/Fonts/Roboto_medium.ttf"; sourceTree = "<group>"; };
		084D3A4A3ECAAED80B4D187B /* Pods-Todorant.release.xcconfig */ = {isa = PBXFileReference; includeInIndex = 1; lastKnownFileType = text.xcconfig; name = "Pods-Todorant.release.xcconfig"; path = "Target Support Files/Pods-Todorant/Pods-Todorant.release.xcconfig"; sourceTree = "<group>"; };
		08DA2AA216BB3DF6570B4821 /* Pods-TodorantToday.debug.xcconfig */ = {isa = PBXFileReference; includeInIndex = 1; lastKnownFileType = text.xcconfig; name = "Pods-TodorantToday.debug.xcconfig"; path = "Target Support Files/Pods-TodorantToday/Pods-TodorantToday.debug.xcconfig"; sourceTree = "<group>"; };
		12605D19CFB4B8625CE9AE4F /* Pods-Todorant.debug.xcconfig */ = {isa = PBXFileReference; includeInIndex = 1; lastKnownFileType = text.xcconfig; name = "Pods-Todorant.debug.xcconfig"; path = "Target Support Files/Pods-Todorant/Pods-Todorant.debug.xcconfig"; sourceTree = "<group>"; };
		13B07F961A680F5B00A75B9A /* Todorant.app */ = {isa = PBXFileReference; explicitFileType = wrapper.application; includeInIndex = 0; path = Todorant.app; sourceTree = BUILT_PRODUCTS_DIR; };
		13B07FAF1A68108700A75B9A /* AppDelegate.h */ = {isa = PBXFileReference; fileEncoding = 4; lastKnownFileType = sourcecode.c.h; name = AppDelegate.h; path = Todorant/AppDelegate.h; sourceTree = "<group>"; };
		13B07FB01A68108700A75B9A /* AppDelegate.m */ = {isa = PBXFileReference; fileEncoding = 4; lastKnownFileType = sourcecode.c.objc; name = AppDelegate.m; path = Todorant/AppDelegate.m; sourceTree = "<group>"; };
		13B07FB21A68108700A75B9A /* Base */ = {isa = PBXFileReference; lastKnownFileType = file.xib; name = Base; path = Base.lproj/LaunchScreen.xib; sourceTree = "<group>"; };
		13B07FB51A68108700A75B9A /* Images.xcassets */ = {isa = PBXFileReference; lastKnownFileType = folder.assetcatalog; name = Images.xcassets; path = Todorant/Images.xcassets; sourceTree = "<group>"; };
		13B07FB61A68108700A75B9A /* Info.plist */ = {isa = PBXFileReference; fileEncoding = 4; lastKnownFileType = text.plist.xml; name = Info.plist; path = Todorant/Info.plist; sourceTree = "<group>"; };
		13B07FB71A68108700A75B9A /* main.m */ = {isa = PBXFileReference; fileEncoding = 4; lastKnownFileType = sourcecode.c.objc; name = main.m; path = Todorant/main.m; sourceTree = "<group>"; };
		1581EFC6CB214C43BF1F6350 /* FontAwesome5_Regular.ttf */ = {isa = PBXFileReference; explicitFileType = undefined; fileEncoding = 9; includeInIndex = 0; lastKnownFileType = unknown; name = FontAwesome5_Regular.ttf; path = "../node_modules/native-base/Fonts/FontAwesome5_Regular.ttf"; sourceTree = "<group>"; };
		25AC593398A035CBFDBA3998 /* libPods-Todorant.a */ = {isa = PBXFileReference; explicitFileType = archive.ar; includeInIndex = 0; path = "libPods-Todorant.a"; sourceTree = BUILT_PRODUCTS_DIR; };
		278B4B9C40DBE65C8949CAD9 /* Pods-Todorant-tvOSTests.release.xcconfig */ = {isa = PBXFileReference; includeInIndex = 1; lastKnownFileType = text.xcconfig; name = "Pods-Todorant-tvOSTests.release.xcconfig"; path = "Target Support Files/Pods-Todorant-tvOSTests/Pods-Todorant-tvOSTests.release.xcconfig"; sourceTree = "<group>"; };
		27D8BDC7E62C5A50A249023E /* Pods-Todorant-tvOS.debug.xcconfig */ = {isa = PBXFileReference; includeInIndex = 1; lastKnownFileType = text.xcconfig; name = "Pods-Todorant-tvOS.debug.xcconfig"; path = "Target Support Files/Pods-Todorant-tvOS/Pods-Todorant-tvOS.debug.xcconfig"; sourceTree = "<group>"; };
		2D37236255CD447B84E4128E /* Pods-TodorantToday.release.xcconfig */ = {isa = PBXFileReference; includeInIndex = 1; lastKnownFileType = text.xcconfig; name = "Pods-TodorantToday.release.xcconfig"; path = "Target Support Files/Pods-TodorantToday/Pods-TodorantToday.release.xcconfig"; sourceTree = "<group>"; };
		35410BA541CE9AB73B161FE5 /* libPods-Todorant-tvOSTests.a */ = {isa = PBXFileReference; explicitFileType = archive.ar; includeInIndex = 0; path = "libPods-Todorant-tvOSTests.a"; sourceTree = BUILT_PRODUCTS_DIR; };
		3F9341AF0D9F4970BAEC6693 /* Ionicons.ttf */ = {isa = PBXFileReference; explicitFileType = undefined; fileEncoding = 9; includeInIndex = 0; lastKnownFileType = unknown; name = Ionicons.ttf; path = "../node_modules/native-base/Fonts/Ionicons.ttf"; sourceTree = "<group>"; };
		48D5B2D70A0F41C0909C37E7 /* rubicon-icon-font.ttf */ = {isa = PBXFileReference; explicitFileType = undefined; fileEncoding = 9; includeInIndex = 0; lastKnownFileType = unknown; name = "rubicon-icon-font.ttf"; path = "../node_modules/native-base/Fonts/rubicon-icon-font.ttf"; sourceTree = "<group>"; };
		4C293B567BE94E259F75BA7F /* MaterialCommunityIcons.ttf */ = {isa = PBXFileReference; explicitFileType = undefined; fileEncoding = 9; includeInIndex = 0; lastKnownFileType = unknown; name = MaterialCommunityIcons.ttf; path = "../node_modules/native-base/Fonts/MaterialCommunityIcons.ttf"; sourceTree = "<group>"; };
		67DB0FE9D3636433AFAE4FC7 /* Pods-Todorant-tvOSTests.debug.xcconfig */ = {isa = PBXFileReference; includeInIndex = 1; lastKnownFileType = text.xcconfig; name = "Pods-Todorant-tvOSTests.debug.xcconfig"; path = "Target Support Files/Pods-Todorant-tvOSTests/Pods-Todorant-tvOSTests.debug.xcconfig"; sourceTree = "<group>"; };
		6FA1C91862BD4E658FB511A8 /* Feather.ttf */ = {isa = PBXFileReference; explicitFileType = undefined; fileEncoding = 9; includeInIndex = 0; lastKnownFileType = unknown; name = Feather.ttf; path = "../node_modules/native-base/Fonts/Feather.ttf"; sourceTree = "<group>"; };
		7216CF88ED57489E91BB73DC /* FontAwesome5_Brands.ttf */ = {isa = PBXFileReference; explicitFileType = undefined; fileEncoding = 9; includeInIndex = 0; lastKnownFileType = unknown; name = FontAwesome5_Brands.ttf; path = "../node_modules/native-base/Fonts/FontAwesome5_Brands.ttf"; sourceTree = "<group>"; };
		726ADF191BCC4DABA2BDD39F /* FontAwesome.ttf */ = {isa = PBXFileReference; explicitFileType = undefined; fileEncoding = 9; includeInIndex = 0; lastKnownFileType = unknown; name = FontAwesome.ttf; path = "../node_modules/native-base/Fonts/FontAwesome.ttf"; sourceTree = "<group>"; };
		77264EBBECBFF0C926A4357B /* libPods-TodorantTests.a */ = {isa = PBXFileReference; explicitFileType = archive.ar; includeInIndex = 0; path = "libPods-TodorantTests.a"; sourceTree = BUILT_PRODUCTS_DIR; };
		8011F29EDD71472C976D89F7 /* Zocial.ttf */ = {isa = PBXFileReference; explicitFileType = undefined; fileEncoding = 9; includeInIndex = 0; lastKnownFileType = unknown; name = Zocial.ttf; path = "../node_modules/native-base/Fonts/Zocial.ttf"; sourceTree = "<group>"; };
		8F6115BA7FF0406CA017557A /* EvilIcons.ttf */ = {isa = PBXFileReference; explicitFileType = undefined; fileEncoding = 9; includeInIndex = 0; lastKnownFileType = unknown; name = EvilIcons.ttf; path = "../node_modules/native-base/Fonts/EvilIcons.ttf"; sourceTree = "<group>"; };
		92B17C784443216DC485F4C1 /* libPods-Todorant-tvOS.a */ = {isa = PBXFileReference; explicitFileType = archive.ar; includeInIndex = 0; path = "libPods-Todorant-tvOS.a"; sourceTree = BUILT_PRODUCTS_DIR; };
		963CD25D83DB4BC6A2EDF4CE /* SimpleLineIcons.ttf */ = {isa = PBXFileReference; explicitFileType = undefined; fileEncoding = 9; includeInIndex = 0; lastKnownFileType = unknown; name = SimpleLineIcons.ttf; path = "../node_modules/native-base/Fonts/SimpleLineIcons.ttf"; sourceTree = "<group>"; };
		A056F2E4FD1844908BD001DA /* Entypo.ttf */ = {isa = PBXFileReference; explicitFileType = undefined; fileEncoding = 9; includeInIndex = 0; lastKnownFileType = unknown; name = Entypo.ttf; path = "../node_modules/native-base/Fonts/Entypo.ttf"; sourceTree = "<group>"; };
		A52BFDAC482C94F72F21BC97 /* Pods-TodorantTests.debug.xcconfig */ = {isa = PBXFileReference; includeInIndex = 1; lastKnownFileType = text.xcconfig; name = "Pods-TodorantTests.debug.xcconfig"; path = "Target Support Files/Pods-TodorantTests/Pods-TodorantTests.debug.xcconfig"; sourceTree = "<group>"; };
		A6B36A0C094DE3AE3F5614B0 /* libPods-TodorantToday.a */ = {isa = PBXFileReference; explicitFileType = archive.ar; includeInIndex = 0; path = "libPods-TodorantToday.a"; sourceTree = BUILT_PRODUCTS_DIR; };
		B1ECF6CCEAF233E3F0FB2142 /* Pods-TodorantTests.release.xcconfig */ = {isa = PBXFileReference; includeInIndex = 1; lastKnownFileType = text.xcconfig; name = "Pods-TodorantTests.release.xcconfig"; path = "Target Support Files/Pods-TodorantTests/Pods-TodorantTests.release.xcconfig"; sourceTree = "<group>"; };
		B77D05043B6041AEAAC0BE11 /* AntDesign.ttf */ = {isa = PBXFileReference; explicitFileType = undefined; fileEncoding = 9; includeInIndex = 0; lastKnownFileType = unknown; name = AntDesign.ttf; path = "../node_modules/native-base/Fonts/AntDesign.ttf"; sourceTree = "<group>"; };
		BB093AB424508A14007616A5 /* it */ = {isa = PBXFileReference; lastKnownFileType = text.plist.strings; name = it; path = it.lproj/LaunchScreen.strings; sourceTree = "<group>"; };
		BB3A79B42425AF000014DE92 /* TodorantToday.appex */ = {isa = PBXFileReference; explicitFileType = "wrapper.app-extension"; includeInIndex = 0; path = TodorantToday.appex; sourceTree = BUILT_PRODUCTS_DIR; };
		BB3A79B52425AF000014DE92 /* NotificationCenter.framework */ = {isa = PBXFileReference; lastKnownFileType = wrapper.framework; name = NotificationCenter.framework; path = System/Library/Frameworks/NotificationCenter.framework; sourceTree = SDKROOT; };
		BB3A79BD2425AF000014DE92 /* Info.plist */ = {isa = PBXFileReference; lastKnownFileType = text.plist.xml; path = Info.plist; sourceTree = "<group>"; };
		BB3A79C52425B0140014DE92 /* TodorantToday.entitlements */ = {isa = PBXFileReference; lastKnownFileType = text.plist.entitlements; path = TodorantToday.entitlements; sourceTree = "<group>"; };
		BB3A79C62425B0240014DE92 /* Todorant.entitlements */ = {isa = PBXFileReference; lastKnownFileType = text.plist.entitlements; name = Todorant.entitlements; path = Todorant/Todorant.entitlements; sourceTree = "<group>"; };
		BB3A79C72425B0470014DE92 /* ActivityIndicator.swift */ = {isa = PBXFileReference; fileEncoding = 4; lastKnownFileType = sourcecode.swift; path = ActivityIndicator.swift; sourceTree = "<group>"; };
		BB3A79C82425B0470014DE92 /* Store.swift */ = {isa = PBXFileReference; fileEncoding = 4; lastKnownFileType = sourcecode.swift; path = Store.swift; sourceTree = "<group>"; };
		BB3A79C92425B0470014DE92 /* Request.swift */ = {isa = PBXFileReference; fileEncoding = 4; lastKnownFileType = sourcecode.swift; path = Request.swift; sourceTree = "<group>"; };
		BB3A79CA2425B0470014DE92 /* EmptyCurrentView.swift */ = {isa = PBXFileReference; fileEncoding = 4; lastKnownFileType = sourcecode.swift; path = EmptyCurrentView.swift; sourceTree = "<group>"; };
		BB3A79CB2425B0470014DE92 /* ClearView.swift */ = {isa = PBXFileReference; fileEncoding = 4; lastKnownFileType = sourcecode.swift; path = ClearView.swift; sourceTree = "<group>"; };
		BB3A79CC2425B0470014DE92 /* TodayViewController.swift */ = {isa = PBXFileReference; fileEncoding = 4; lastKnownFileType = sourcecode.swift; path = TodayViewController.swift; sourceTree = "<group>"; };
		BB3A79CD2425B0470014DE92 /* Localizable.strings */ = {isa = PBXFileReference; fileEncoding = 4; lastKnownFileType = text.plist.strings; path = Localizable.strings; sourceTree = "<group>"; };
		BB3A79CE2425B0470014DE92 /* Date+Today.swift */ = {isa = PBXFileReference; fileEncoding = 4; lastKnownFileType = sourcecode.swift; path = "Date+Today.swift"; sourceTree = "<group>"; };
		BB3A79CF2425B0470014DE92 /* CurrentView.swift */ = {isa = PBXFileReference; fileEncoding = 4; lastKnownFileType = sourcecode.swift; path = CurrentView.swift; sourceTree = "<group>"; };
		BB3A79D02425B0470014DE92 /* ProgressView.swift */ = {isa = PBXFileReference; fileEncoding = 4; lastKnownFileType = sourcecode.swift; path = ProgressView.swift; sourceTree = "<group>"; };
		BB3A79D12425B0470014DE92 /* MainInterface.storyboard */ = {isa = PBXFileReference; fileEncoding = 4; lastKnownFileType = file.storyboard; path = MainInterface.storyboard; sourceTree = "<group>"; };
		BB3A79D22425B0470014DE92 /* TodoRoute.swift */ = {isa = PBXFileReference; fileEncoding = 4; lastKnownFileType = sourcecode.swift; path = TodoRoute.swift; sourceTree = "<group>"; };
		BB3A79DF2425B0660014DE92 /* DateFormatter+AppFormat.swift */ = {isa = PBXFileReference; fileEncoding = 4; lastKnownFileType = sourcecode.swift; path = "DateFormatter+AppFormat.swift"; sourceTree = "<group>"; };
		BB3A79E02425B0660014DE92 /* String+Today.swift */ = {isa = PBXFileReference; fileEncoding = 4; lastKnownFileType = sourcecode.swift; path = "String+Today.swift"; sourceTree = "<group>"; };
		BB3A79E62425B6850014DE92 /* Todorant-Bridging-Header.h */ = {isa = PBXFileReference; lastKnownFileType = sourcecode.c.h; path = "Todorant-Bridging-Header.h"; sourceTree = "<group>"; };
		BB3A79E72425B6850014DE92 /* KeychainItemAccessibility.swift */ = {isa = PBXFileReference; fileEncoding = 4; lastKnownFileType = sourcecode.swift; name = KeychainItemAccessibility.swift; path = Pods/SwiftKeychainWrapper/SwiftKeychainWrapper/KeychainItemAccessibility.swift; sourceTree = "<group>"; };
		BB3A79E82425B6850014DE92 /* KeychainWrapper.swift */ = {isa = PBXFileReference; fileEncoding = 4; lastKnownFileType = sourcecode.swift; name = KeychainWrapper.swift; path = Pods/SwiftKeychainWrapper/SwiftKeychainWrapper/KeychainWrapper.swift; sourceTree = "<group>"; };
		BB3A79EC2425B71F0014DE92 /* KeychainManager.swift */ = {isa = PBXFileReference; lastKnownFileType = sourcecode.swift; path = KeychainManager.swift; sourceTree = "<group>"; };
		BB3A79F02425B9530014DE92 /* KeychainManagerBridge.m */ = {isa = PBXFileReference; lastKnownFileType = sourcecode.c.objc; path = KeychainManagerBridge.m; sourceTree = "<group>"; };
		BB3A79F62426933F0014DE92 /* TodorantUITests.xctest */ = {isa = PBXFileReference; explicitFileType = wrapper.cfbundle; includeInIndex = 0; path = TodorantUITests.xctest; sourceTree = BUILT_PRODUCTS_DIR; };
		BB3A79F82426933F0014DE92 /* TodorantUITests.swift */ = {isa = PBXFileReference; lastKnownFileType = sourcecode.swift; path = TodorantUITests.swift; sourceTree = "<group>"; };
		BB3A79FA2426933F0014DE92 /* Info.plist */ = {isa = PBXFileReference; lastKnownFileType = text.plist.xml; path = Info.plist; sourceTree = "<group>"; };
		BB3A7A02242694A60014DE92 /* SnapshotHelper.swift */ = {isa = PBXFileReference; fileEncoding = 4; lastKnownFileType = sourcecode.swift; path = SnapshotHelper.swift; sourceTree = SOURCE_ROOT; };
		BB5F405C2436349300236BCD /* AppCenter-Config.plist */ = {isa = PBXFileReference; lastKnownFileType = text.plist.xml; path = "AppCenter-Config.plist"; sourceTree = "<group>"; };
		BB781739245CE04A004EF3E5 /* en */ = {isa = PBXFileReference; lastKnownFileType = text.plist.strings; name = en; path = en.lproj/InfoPlist.strings; sourceTree = "<group>"; };
		BB78173B245CE04D004EF3E5 /* it */ = {isa = PBXFileReference; lastKnownFileType = text.plist.strings; name = it; path = it.lproj/InfoPlist.strings; sourceTree = "<group>"; };
		BB78173C245CE050004EF3E5 /* ru */ = {isa = PBXFileReference; lastKnownFileType = text.plist.strings; name = ru; path = ru.lproj/InfoPlist.strings; sourceTree = "<group>"; };
		BB78173D245CE051004EF3E5 /* uk */ = {isa = PBXFileReference; lastKnownFileType = text.plist.strings; name = uk; path = uk.lproj/InfoPlist.strings; sourceTree = "<group>"; };
		BBC0EFFD24734FC2000B9C72 /* es */ = {isa = PBXFileReference; lastKnownFileType = text.plist.strings; name = es; path = es.lproj/LaunchScreen.strings; sourceTree = "<group>"; };
		BBC0EFFE24734FC2000B9C72 /* es */ = {isa = PBXFileReference; lastKnownFileType = text.plist.strings; name = es; path = es.lproj/InfoPlist.strings; sourceTree = "<group>"; };
		BBC0EFFF2473500B000B9C72 /* pt-BR */ = {isa = PBXFileReference; lastKnownFileType = text.plist.strings; name = "pt-BR"; path = "pt-BR.lproj/LaunchScreen.strings"; sourceTree = "<group>"; };
		BBC0F0002473500B000B9C72 /* pt-BR */ = {isa = PBXFileReference; lastKnownFileType = text.plist.strings; name = "pt-BR"; path = "pt-BR.lproj/InfoPlist.strings"; sourceTree = "<group>"; };
		BBE891C82436B1D800A9CA36 /* ru */ = {isa = PBXFileReference; lastKnownFileType = text.plist.strings; name = ru; path = ru.lproj/LaunchScreen.strings; sourceTree = "<group>"; };
		BBE891C92436B1E400A9CA36 /* uk */ = {isa = PBXFileReference; lastKnownFileType = text.plist.strings; name = uk; path = uk.lproj/LaunchScreen.strings; sourceTree = "<group>"; };
		BBEE5D6623F4E9B20041BA38 /* GoogleService-Info.plist */ = {isa = PBXFileReference; fileEncoding = 4; lastKnownFileType = text.plist.xml; path = "GoogleService-Info.plist"; sourceTree = "<group>"; };
		C72AEC71CCC0426695FAC0E7 /* FontAwesome5_Solid.ttf */ = {isa = PBXFileReference; explicitFileType = undefined; fileEncoding = 9; includeInIndex = 0; lastKnownFileType = unknown; name = FontAwesome5_Solid.ttf; path = "../node_modules/native-base/Fonts/FontAwesome5_Solid.ttf"; sourceTree = "<group>"; };
		C994668131DC345D4AAF61E4 /* Pods-Todorant-tvOS.release.xcconfig */ = {isa = PBXFileReference; includeInIndex = 1; lastKnownFileType = text.xcconfig; name = "Pods-Todorant-tvOS.release.xcconfig"; path = "Target Support Files/Pods-Todorant-tvOS/Pods-Todorant-tvOS.release.xcconfig"; sourceTree = "<group>"; };
		CA8ED71F6B3142F6A1CDB7DC /* Foundation.ttf */ = {isa = PBXFileReference; explicitFileType = undefined; fileEncoding = 9; includeInIndex = 0; lastKnownFileType = unknown; name = Foundation.ttf; path = "../node_modules/native-base/Fonts/Foundation.ttf"; sourceTree = "<group>"; };
		DE6907986191456196F94104 /* MaterialIcons.ttf */ = {isa = PBXFileReference; explicitFileType = undefined; fileEncoding = 9; includeInIndex = 0; lastKnownFileType = unknown; name = MaterialIcons.ttf; path = "../node_modules/native-base/Fonts/MaterialIcons.ttf"; sourceTree = "<group>"; };
		E62AF9E7B0FF47C8BFEF1009 /* Octicons.ttf */ = {isa = PBXFileReference; explicitFileType = undefined; fileEncoding = 9; includeInIndex = 0; lastKnownFileType = unknown; name = Octicons.ttf; path = "../node_modules/native-base/Fonts/Octicons.ttf"; sourceTree = "<group>"; };
		EA28768F24FA47F2A8AB4F61 /* Roboto.ttf */ = {isa = PBXFileReference; explicitFileType = undefined; fileEncoding = 9; includeInIndex = 0; lastKnownFileType = unknown; name = Roboto.ttf; path = "../node_modules/native-base/Fonts/Roboto.ttf"; sourceTree = "<group>"; };
		ED297162215061F000B7C4FE /* JavaScriptCore.framework */ = {isa = PBXFileReference; lastKnownFileType = wrapper.framework; name = JavaScriptCore.framework; path = System/Library/Frameworks/JavaScriptCore.framework; sourceTree = SDKROOT; };
		ED2971642150620600B7C4FE /* JavaScriptCore.framework */ = {isa = PBXFileReference; lastKnownFileType = wrapper.framework; name = JavaScriptCore.framework; path = Platforms/AppleTVOS.platform/Developer/SDKs/AppleTVOS12.0.sdk/System/Library/Frameworks/JavaScriptCore.framework; sourceTree = DEVELOPER_DIR; };
		F71C0E4786A440F492A9778E /* Fontisto.ttf */ = {isa = PBXFileReference; explicitFileType = undefined; fileEncoding = 9; includeInIndex = 0; lastKnownFileType = unknown; name = Fontisto.ttf; path = "../node_modules/native-base/Fonts/Fontisto.ttf"; sourceTree = "<group>"; };
/* End PBXFileReference section */

/* Begin PBXFrameworksBuildPhase section */
		13B07F8C1A680F5B00A75B9A /* Frameworks */ = {
			isa = PBXFrameworksBuildPhase;
			buildActionMask = 2147483647;
			files = (
				8FAFB12EBC15C3403CAC3D7E /* libPods-Todorant.a in Frameworks */,
			);
			runOnlyForDeploymentPostprocessing = 0;
		};
		BB3A79B12425AF000014DE92 /* Frameworks */ = {
			isa = PBXFrameworksBuildPhase;
			buildActionMask = 2147483647;
			files = (
				BB3A79B62425AF000014DE92 /* NotificationCenter.framework in Frameworks */,
				A48DCD0E8F0272D0117CCC59 /* libPods-TodorantToday.a in Frameworks */,
			);
			runOnlyForDeploymentPostprocessing = 0;
		};
		BB3A79F32426933F0014DE92 /* Frameworks */ = {
			isa = PBXFrameworksBuildPhase;
			buildActionMask = 2147483647;
			files = (
			);
			runOnlyForDeploymentPostprocessing = 0;
		};
/* End PBXFrameworksBuildPhase section */

/* Begin PBXGroup section */
		13B07FAE1A68108700A75B9A /* Todorant */ = {
			isa = PBXGroup;
			children = (
				BB3A79EB2425B69B0014DE92 /* KeychainWrapper */,
				BB3A79C62425B0240014DE92 /* Todorant.entitlements */,
				BBEE5D6623F4E9B20041BA38 /* GoogleService-Info.plist */,
				008F07F21AC5B25A0029DE68 /* main.jsbundle */,
				13B07FAF1A68108700A75B9A /* AppDelegate.h */,
				13B07FB01A68108700A75B9A /* AppDelegate.m */,
				13B07FB51A68108700A75B9A /* Images.xcassets */,
				13B07FB61A68108700A75B9A /* Info.plist */,
				13B07FB11A68108700A75B9A /* LaunchScreen.xib */,
				13B07FB71A68108700A75B9A /* main.m */,
				BB3A79E62425B6850014DE92 /* Todorant-Bridging-Header.h */,
				BB3A79EC2425B71F0014DE92 /* KeychainManager.swift */,
				BB3A79F02425B9530014DE92 /* KeychainManagerBridge.m */,
				BB5F405C2436349300236BCD /* AppCenter-Config.plist */,
				BB78173A245CE04A004EF3E5 /* InfoPlist.strings */,
			);
			name = Todorant;
			sourceTree = "<group>";
		};
		2D16E6871FA4F8E400B85C8A /* Frameworks */ = {
			isa = PBXGroup;
			children = (
				ED297162215061F000B7C4FE /* JavaScriptCore.framework */,
				ED2971642150620600B7C4FE /* JavaScriptCore.framework */,
				25AC593398A035CBFDBA3998 /* libPods-Todorant.a */,
				92B17C784443216DC485F4C1 /* libPods-Todorant-tvOS.a */,
				35410BA541CE9AB73B161FE5 /* libPods-Todorant-tvOSTests.a */,
				77264EBBECBFF0C926A4357B /* libPods-TodorantTests.a */,
				BB3A79B52425AF000014DE92 /* NotificationCenter.framework */,
				A6B36A0C094DE3AE3F5614B0 /* libPods-TodorantToday.a */,
			);
			name = Frameworks;
			sourceTree = "<group>";
		};
		7A4B3C2623464B8A9D35439F /* Resources */ = {
			isa = PBXGroup;
			children = (
				B77D05043B6041AEAAC0BE11 /* AntDesign.ttf */,
				A056F2E4FD1844908BD001DA /* Entypo.ttf */,
				8F6115BA7FF0406CA017557A /* EvilIcons.ttf */,
				6FA1C91862BD4E658FB511A8 /* Feather.ttf */,
				726ADF191BCC4DABA2BDD39F /* FontAwesome.ttf */,
				7216CF88ED57489E91BB73DC /* FontAwesome5_Brands.ttf */,
				1581EFC6CB214C43BF1F6350 /* FontAwesome5_Regular.ttf */,
				C72AEC71CCC0426695FAC0E7 /* FontAwesome5_Solid.ttf */,
				F71C0E4786A440F492A9778E /* Fontisto.ttf */,
				CA8ED71F6B3142F6A1CDB7DC /* Foundation.ttf */,
				3F9341AF0D9F4970BAEC6693 /* Ionicons.ttf */,
				4C293B567BE94E259F75BA7F /* MaterialCommunityIcons.ttf */,
				DE6907986191456196F94104 /* MaterialIcons.ttf */,
				E62AF9E7B0FF47C8BFEF1009 /* Octicons.ttf */,
				078C6EF3B568408CBB44E965 /* Roboto_medium.ttf */,
				EA28768F24FA47F2A8AB4F61 /* Roboto.ttf */,
				48D5B2D70A0F41C0909C37E7 /* rubicon-icon-font.ttf */,
				963CD25D83DB4BC6A2EDF4CE /* SimpleLineIcons.ttf */,
				8011F29EDD71472C976D89F7 /* Zocial.ttf */,
			);
			name = Resources;
			sourceTree = "<group>";
		};
		832341AE1AAA6A7D00B99B32 /* Libraries */ = {
			isa = PBXGroup;
			children = (
			);
			name = Libraries;
			sourceTree = "<group>";
		};
		83CBB9F61A601CBA00E9B192 = {
			isa = PBXGroup;
			children = (
				13B07FAE1A68108700A75B9A /* Todorant */,
				832341AE1AAA6A7D00B99B32 /* Libraries */,
				BB3A79B72425AF000014DE92 /* TodorantToday */,
				BB3A79F72426933F0014DE92 /* TodorantUITests */,
				83CBBA001A601CBA00E9B192 /* Products */,
				2D16E6871FA4F8E400B85C8A /* Frameworks */,
				C62ED693B06A801A76FE692D /* Pods */,
				7A4B3C2623464B8A9D35439F /* Resources */,
			);
			indentWidth = 2;
			sourceTree = "<group>";
			tabWidth = 2;
			usesTabs = 0;
		};
		83CBBA001A601CBA00E9B192 /* Products */ = {
			isa = PBXGroup;
			children = (
				13B07F961A680F5B00A75B9A /* Todorant.app */,
				BB3A79B42425AF000014DE92 /* TodorantToday.appex */,
				BB3A79F62426933F0014DE92 /* TodorantUITests.xctest */,
			);
			name = Products;
			sourceTree = "<group>";
		};
		BB3A79B72425AF000014DE92 /* TodorantToday */ = {
			isa = PBXGroup;
			children = (
				BB3A79DF2425B0660014DE92 /* DateFormatter+AppFormat.swift */,
				BB3A79E02425B0660014DE92 /* String+Today.swift */,
				BB3A79C72425B0470014DE92 /* ActivityIndicator.swift */,
				BB3A79CB2425B0470014DE92 /* ClearView.swift */,
				BB3A79CF2425B0470014DE92 /* CurrentView.swift */,
				BB3A79CE2425B0470014DE92 /* Date+Today.swift */,
				BB3A79CA2425B0470014DE92 /* EmptyCurrentView.swift */,
				BB3A79CD2425B0470014DE92 /* Localizable.strings */,
				BB3A79D12425B0470014DE92 /* MainInterface.storyboard */,
				BB3A79D02425B0470014DE92 /* ProgressView.swift */,
				BB3A79C92425B0470014DE92 /* Request.swift */,
				BB3A79C82425B0470014DE92 /* Store.swift */,
				BB3A79CC2425B0470014DE92 /* TodayViewController.swift */,
				BB3A79D22425B0470014DE92 /* TodoRoute.swift */,
				BB3A79C52425B0140014DE92 /* TodorantToday.entitlements */,
				BB3A79BD2425AF000014DE92 /* Info.plist */,
			);
			path = TodorantToday;
			sourceTree = "<group>";
		};
		BB3A79EB2425B69B0014DE92 /* KeychainWrapper */ = {
			isa = PBXGroup;
			children = (
				BB3A79E72425B6850014DE92 /* KeychainItemAccessibility.swift */,
				BB3A79E82425B6850014DE92 /* KeychainWrapper.swift */,
			);
			name = KeychainWrapper;
			sourceTree = "<group>";
		};
		BB3A79F72426933F0014DE92 /* TodorantUITests */ = {
			isa = PBXGroup;
			children = (
				BB3A7A02242694A60014DE92 /* SnapshotHelper.swift */,
				BB3A79F82426933F0014DE92 /* TodorantUITests.swift */,
				BB3A79FA2426933F0014DE92 /* Info.plist */,
			);
			path = TodorantUITests;
			sourceTree = "<group>";
		};
		C62ED693B06A801A76FE692D /* Pods */ = {
			isa = PBXGroup;
			children = (
				12605D19CFB4B8625CE9AE4F /* Pods-Todorant.debug.xcconfig */,
				084D3A4A3ECAAED80B4D187B /* Pods-Todorant.release.xcconfig */,
				27D8BDC7E62C5A50A249023E /* Pods-Todorant-tvOS.debug.xcconfig */,
				C994668131DC345D4AAF61E4 /* Pods-Todorant-tvOS.release.xcconfig */,
				67DB0FE9D3636433AFAE4FC7 /* Pods-Todorant-tvOSTests.debug.xcconfig */,
				278B4B9C40DBE65C8949CAD9 /* Pods-Todorant-tvOSTests.release.xcconfig */,
				A52BFDAC482C94F72F21BC97 /* Pods-TodorantTests.debug.xcconfig */,
				B1ECF6CCEAF233E3F0FB2142 /* Pods-TodorantTests.release.xcconfig */,
				08DA2AA216BB3DF6570B4821 /* Pods-TodorantToday.debug.xcconfig */,
				2D37236255CD447B84E4128E /* Pods-TodorantToday.release.xcconfig */,
			);
			path = Pods;
			sourceTree = "<group>";
		};
/* End PBXGroup section */

/* Begin PBXNativeTarget section */
		13B07F861A680F5B00A75B9A /* Todorant */ = {
			isa = PBXNativeTarget;
			buildConfigurationList = 13B07F931A680F5B00A75B9A /* Build configuration list for PBXNativeTarget "Todorant" */;
			buildPhases = (
				DD799A975E95707E4971643D /* [CP] Check Pods Manifest.lock */,
				FD10A7F022414F080027D42C /* Start Packager */,
				13B07F871A680F5B00A75B9A /* Sources */,
				13B07F8C1A680F5B00A75B9A /* Frameworks */,
				13B07F8E1A680F5B00A75B9A /* Resources */,
				00DD1BFF1BD5951E006B06BC /* Bundle React Native code and images */,
				EE93B69F5966211D2E5AE328 /* [CP] Copy Pods Resources */,
				0966A6C3BB55C15FB19C003A /* [CP-User] [RNFB] Core Configuration */,
				BB3A79C12425AF000014DE92 /* Embed App Extensions */,
			);
			buildRules = (
			);
			dependencies = (
				BB3A79BF2425AF000014DE92 /* PBXTargetDependency */,
			);
			name = Todorant;
			productName = Todorant;
			productReference = 13B07F961A680F5B00A75B9A /* Todorant.app */;
			productType = "com.apple.product-type.application";
		};
		BB3A79B32425AF000014DE92 /* TodorantToday */ = {
			isa = PBXNativeTarget;
			buildConfigurationList = BB3A79C42425AF000014DE92 /* Build configuration list for PBXNativeTarget "TodorantToday" */;
			buildPhases = (
				5B994F09AA9E97F1DC3C0A1F /* [CP] Check Pods Manifest.lock */,
				BB3A79B02425AF000014DE92 /* Sources */,
				BB3A79B12425AF000014DE92 /* Frameworks */,
				BB3A79B22425AF000014DE92 /* Resources */,
			);
			buildRules = (
			);
			dependencies = (
			);
			name = TodorantToday;
			productName = TodorantToday;
			productReference = BB3A79B42425AF000014DE92 /* TodorantToday.appex */;
			productType = "com.apple.product-type.app-extension";
		};
		BB3A79F52426933F0014DE92 /* TodorantUITests */ = {
			isa = PBXNativeTarget;
			buildConfigurationList = BB3A79FF2426933F0014DE92 /* Build configuration list for PBXNativeTarget "TodorantUITests" */;
			buildPhases = (
				BB3A79F22426933F0014DE92 /* Sources */,
				BB3A79F32426933F0014DE92 /* Frameworks */,
				BB3A79F42426933F0014DE92 /* Resources */,
			);
			buildRules = (
			);
			dependencies = (
				BB3A79FC2426933F0014DE92 /* PBXTargetDependency */,
			);
			name = TodorantUITests;
			productName = TodorantUITests;
			productReference = BB3A79F62426933F0014DE92 /* TodorantUITests.xctest */;
			productType = "com.apple.product-type.bundle.ui-testing";
		};
/* End PBXNativeTarget section */

/* Begin PBXProject section */
		83CBB9F71A601CBA00E9B192 /* Project object */ = {
			isa = PBXProject;
			attributes = {
				LastSwiftUpdateCheck = 1130;
				LastUpgradeCheck = 1130;
				ORGANIZATIONNAME = Facebook;
				TargetAttributes = {
					13B07F861A680F5B00A75B9A = {
						DevelopmentTeam = ACWP4F58HZ;
						LastSwiftMigration = 1130;
					};
					BB3A79B32425AF000014DE92 = {
						CreatedOnToolsVersion = 11.3.1;
						DevelopmentTeam = ACWP4F58HZ;
						LastSwiftMigration = 1130;
						ProvisioningStyle = Automatic;
					};
					BB3A79F52426933F0014DE92 = {
						CreatedOnToolsVersion = 11.3.1;
						DevelopmentTeam = 29KKQYWZ97;
						ProvisioningStyle = Automatic;
						TestTargetID = 13B07F861A680F5B00A75B9A;
					};
				};
			};
			buildConfigurationList = 83CBB9FA1A601CBA00E9B192 /* Build configuration list for PBXProject "Todorant" */;
			compatibilityVersion = "Xcode 3.2";
			developmentRegion = en;
			hasScannedForEncodings = 0;
			knownRegions = (
				en,
				Base,
				ru,
				uk,
				it,
				es,
				"pt-BR",
			);
			mainGroup = 83CBB9F61A601CBA00E9B192;
			productRefGroup = 83CBBA001A601CBA00E9B192 /* Products */;
			projectDirPath = "";
			projectRoot = "";
			targets = (
				13B07F861A680F5B00A75B9A /* Todorant */,
				BB3A79B32425AF000014DE92 /* TodorantToday */,
				BB3A79F52426933F0014DE92 /* TodorantUITests */,
			);
		};
/* End PBXProject section */

/* Begin PBXResourcesBuildPhase section */
		13B07F8E1A680F5B00A75B9A /* Resources */ = {
			isa = PBXResourcesBuildPhase;
			buildActionMask = 2147483647;
			files = (
				13B07FBF1A68108700A75B9A /* Images.xcassets in Resources */,
				BB781738245CE04A004EF3E5 /* InfoPlist.strings in Resources */,
				13B07FBD1A68108700A75B9A /* LaunchScreen.xib in Resources */,
				FCBEE29658EC47D2B73098B3 /* AntDesign.ttf in Resources */,
				F47A327DE5EF4BBEA902F889 /* Entypo.ttf in Resources */,
				0C59EB2C403941ABB938EEE0 /* EvilIcons.ttf in Resources */,
				1A5D3F19557442C6B7A7B884 /* Feather.ttf in Resources */,
				CF3E6CD6D6B6474EBD791451 /* FontAwesome.ttf in Resources */,
				7C6792B1BD57426F856FEFBF /* FontAwesome5_Brands.ttf in Resources */,
				5D31CCB4D34A4126BD8122BB /* FontAwesome5_Regular.ttf in Resources */,
				92AC6720C1CF4896A9227DEA /* FontAwesome5_Solid.ttf in Resources */,
				5A448D2921794EC4B91EE0A0 /* Fontisto.ttf in Resources */,
				BA81B6FE0C05492BA063B099 /* Foundation.ttf in Resources */,
				7B12A8A76FF44FD093CAF4C3 /* Ionicons.ttf in Resources */,
				8D517A9FC5C64CB6BDEEF5FD /* MaterialCommunityIcons.ttf in Resources */,
				7691E5F7153D400DBCD3B873 /* MaterialIcons.ttf in Resources */,
				BB5F405D2436349300236BCD /* AppCenter-Config.plist in Resources */,
				3B6C4B4962F84F0189F5094F /* Octicons.ttf in Resources */,
				35C472DA5F424C548513FFF9 /* Roboto_medium.ttf in Resources */,
				E6828DC3EA76487CA755817B /* Roboto.ttf in Resources */,
				4C7FD743CE1D4768853FC1E0 /* rubicon-icon-font.ttf in Resources */,
				BBEE5D6723F4E9B20041BA38 /* GoogleService-Info.plist in Resources */,
				83D10E809E6046B68D3AE2F6 /* SimpleLineIcons.ttf in Resources */,
				D60E3EF2395E4EDDBB5FF961 /* Zocial.ttf in Resources */,
			);
			runOnlyForDeploymentPostprocessing = 0;
		};
		BB3A79B22425AF000014DE92 /* Resources */ = {
			isa = PBXResourcesBuildPhase;
			buildActionMask = 2147483647;
			files = (
				BB3A79D92425B0470014DE92 /* Localizable.strings in Resources */,
				BB3A79DD2425B0470014DE92 /* MainInterface.storyboard in Resources */,
			);
			runOnlyForDeploymentPostprocessing = 0;
		};
		BB3A79F42426933F0014DE92 /* Resources */ = {
			isa = PBXResourcesBuildPhase;
			buildActionMask = 2147483647;
			files = (
			);
			runOnlyForDeploymentPostprocessing = 0;
		};
/* End PBXResourcesBuildPhase section */

/* Begin PBXShellScriptBuildPhase section */
		00DD1BFF1BD5951E006B06BC /* Bundle React Native code and images */ = {
			isa = PBXShellScriptBuildPhase;
			buildActionMask = 2147483647;
			files = (
			);
			inputPaths = (
			);
			name = "Bundle React Native code and images";
			outputPaths = (
			);
			runOnlyForDeploymentPostprocessing = 0;
			shellPath = /bin/sh;
			shellScript = "export NODE_BINARY=node\n../node_modules/react-native/scripts/react-native-xcode.sh";
		};
		0966A6C3BB55C15FB19C003A /* [CP-User] [RNFB] Core Configuration */ = {
			isa = PBXShellScriptBuildPhase;
			buildActionMask = 2147483647;
			files = (
			);
			name = "[CP-User] [RNFB] Core Configuration";
			runOnlyForDeploymentPostprocessing = 0;
			shellPath = /bin/sh;
			shellScript = "#!/usr/bin/env bash\n#\n# Copyright (c) 2016-present Invertase Limited & Contributors\n#\n# Licensed under the Apache License, Version 2.0 (the \"License\");\n# you may not use this library except in compliance with the License.\n# You may obtain a copy of the License at\n#\n#   http://www.apache.org/licenses/LICENSE-2.0\n#\n# Unless required by applicable law or agreed to in writing, software\n# distributed under the License is distributed on an \"AS IS\" BASIS,\n# WITHOUT WARRANTIES OR CONDITIONS OF ANY KIND, either express or implied.\n# See the License for the specific language governing permissions and\n# limitations under the License.\n#\nset -e\n\n_MAX_LOOKUPS=2;\n_SEARCH_RESULT=''\n_RN_ROOT_EXISTS=''\n_CURRENT_LOOKUPS=1\n_JSON_ROOT=\"'react-native'\"\n_JSON_FILE_NAME='firebase.json'\n_JSON_OUTPUT_BASE64='e30=' # { }\n_CURRENT_SEARCH_DIR=${PROJECT_DIR}\n_PLIST_BUDDY=/usr/libexec/PlistBuddy\n_TARGET_PLIST=\"${BUILT_PRODUCTS_DIR}/${INFOPLIST_PATH}\"\n_DSYM_PLIST=\"${DWARF_DSYM_FOLDER_PATH}/${DWARF_DSYM_FILE_NAME}/Contents/Info.plist\"\n\n# plist arrays\n_PLIST_ENTRY_KEYS=()\n_PLIST_ENTRY_TYPES=()\n_PLIST_ENTRY_VALUES=()\n\nfunction setPlistValue {\n  echo \"info:      setting plist entry '$1' of type '$2' in file '$4'\"\n  ${_PLIST_BUDDY} -c \"Add :$1 $2 '$3'\" $4 || echo \"info:      '$1' already exists\"\n}\n\nfunction getFirebaseJsonKeyValue () {\n  if [[ ${_RN_ROOT_EXISTS} ]]; then\n    ruby -e \"require 'rubygems';require 'json'; output=JSON.parse('$1'); puts output[$_JSON_ROOT]['$2']\"\n  else\n    echo \"\"\n  fi;\n}\n\nfunction jsonBoolToYesNo () {\n  if [[ $1 == \"false\" ]]; then\n    echo \"NO\"\n  elif [[ $1 == \"true\" ]]; then\n    echo \"YES\"\n  else echo \"NO\"\n  fi\n}\n\necho \"info: -> RNFB build script started\"\necho \"info: 1) Locating ${_JSON_FILE_NAME} file:\"\n\nif [[ -z ${_CURRENT_SEARCH_DIR} ]]; then\n  _CURRENT_SEARCH_DIR=$(pwd)\nfi;\n\nwhile true; do\n  _CURRENT_SEARCH_DIR=$(dirname \"$_CURRENT_SEARCH_DIR\")\n  if [[ \"$_CURRENT_SEARCH_DIR\" == \"/\" ]] || [[ ${_CURRENT_LOOKUPS} -gt ${_MAX_LOOKUPS} ]]; then break; fi;\n  echo \"info:      ($_CURRENT_LOOKUPS of $_MAX_LOOKUPS) Searching in '$_CURRENT_SEARCH_DIR' for a ${_JSON_FILE_NAME} file.\"\n  _SEARCH_RESULT=$(find \"$_CURRENT_SEARCH_DIR\" -maxdepth 2 -name ${_JSON_FILE_NAME} -print | head -n 1)\n  if [[ ${_SEARCH_RESULT} ]]; then\n    echo \"info:      ${_JSON_FILE_NAME} found at $_SEARCH_RESULT\"\n    break;\n  fi;\n  _CURRENT_LOOKUPS=$((_CURRENT_LOOKUPS+1))\ndone\n\nif [[ ${_SEARCH_RESULT} ]]; then\n  _JSON_OUTPUT_RAW=$(cat \"${_SEARCH_RESULT}\")\n  _RN_ROOT_EXISTS=$(ruby -e \"require 'rubygems';require 'json'; output=JSON.parse('$_JSON_OUTPUT_RAW'); puts output[$_JSON_ROOT]\" || echo '')\n\n  if [[ ${_RN_ROOT_EXISTS} ]]; then\n    _JSON_OUTPUT_BASE64=$(python -c 'import json,sys,base64;print(base64.b64encode(json.dumps(json.loads(open('\"'${_SEARCH_RESULT}'\"').read())['${_JSON_ROOT}'])))' || echo \"e30=\")\n  fi\n\n  _PLIST_ENTRY_KEYS+=(\"firebase_json_raw\")\n  _PLIST_ENTRY_TYPES+=(\"string\")\n  _PLIST_ENTRY_VALUES+=(\"$_JSON_OUTPUT_BASE64\")\n\n  # config.messaging_auto_init_enabled\n  _MESSAGING_AUTO_INIT=$(getFirebaseJsonKeyValue \"$_JSON_OUTPUT_RAW\" \"messaging_auto_init_enabled\")\n  if [[ $_MESSAGING_AUTO_INIT ]]; then\n    _PLIST_ENTRY_KEYS+=(\"FirebaseMessagingAutoInitEnabled\")\n    _PLIST_ENTRY_TYPES+=(\"bool\")\n    _PLIST_ENTRY_VALUES+=(\"$(jsonBoolToYesNo \"$_MESSAGING_AUTO_INIT\")\")\n  fi\n\n  # config.crashlytics_disable_auto_disabler - undocumented for now - mainly for debugging, document if becomes usful\n  _CRASHLYTICS_AUTO_DISABLE_ENABLED=$(getFirebaseJsonKeyValue \"$_JSON_OUTPUT_RAW\" \"crashlytics_disable_auto_disabler\")\n  if [[ $_CRASHLYTICS_AUTO_DISABLE_ENABLED == \"true\" ]]; then\n    echo \"Disabled Crashlytics auto disabler.\" # do nothing\n  else\n    _PLIST_ENTRY_KEYS+=(\"firebase_crashlytics_collection_enabled\")\n    _PLIST_ENTRY_TYPES+=(\"bool\")\n    _PLIST_ENTRY_VALUES+=(\"NO\")\n  fi\n\n  # config.admob_delay_app_measurement_init\n  _ADMOB_DELAY_APP_MEASUREMENT=$(getFirebaseJsonKeyValue \"$_JSON_OUTPUT_RAW\" \"admob_delay_app_measurement_init\")\n  if [[ $_ADMOB_DELAY_APP_MEASUREMENT == \"true\" ]]; then\n    _PLIST_ENTRY_KEYS+=(\"GADDelayAppMeasurementInit\")\n    _PLIST_ENTRY_TYPES+=(\"bool\")\n    _PLIST_ENTRY_VALUES+=(\"YES\")\n  fi\n\n  # config.admob_ios_app_id\n  _ADMOB_IOS_APP_ID=$(getFirebaseJsonKeyValue \"$_JSON_OUTPUT_RAW\" \"admob_ios_app_id\")\n  if [[ $_ADMOB_IOS_APP_ID ]]; then\n    _PLIST_ENTRY_KEYS+=(\"GADApplicationIdentifier\")\n    _PLIST_ENTRY_TYPES+=(\"string\")\n    _PLIST_ENTRY_VALUES+=(\"$_ADMOB_IOS_APP_ID\")\n  fi\nelse\n  _PLIST_ENTRY_KEYS+=(\"firebase_json_raw\")\n  _PLIST_ENTRY_TYPES+=(\"string\")\n  _PLIST_ENTRY_VALUES+=(\"$_JSON_OUTPUT_BASE64\")\n  echo \"warning:   A firebase.json file was not found, whilst this file is optional it is recommended to include it to configure firebase services in React Native Firebase.\"\nfi;\n\necho \"info: 2) Injecting Info.plist entries: \"\n\n# Log out the keys we're adding\nfor i in \"${!_PLIST_ENTRY_KEYS[@]}\"; do\n  echo \"    ->  $i) ${_PLIST_ENTRY_KEYS[$i]}\" \"${_PLIST_ENTRY_TYPES[$i]}\" \"${_PLIST_ENTRY_VALUES[$i]}\"\ndone\n\nfor plist in \"${_TARGET_PLIST}\" \"${_DSYM_PLIST}\" ; do\n  if [[ -f \"${plist}\" ]]; then\n\n    # paths with spaces break the call to setPlistValue. temporarily modify\n    # the shell internal field separator variable (IFS), which normally \n    # includes spaces, to consist only of line breaks\n    oldifs=$IFS\n    IFS=\"\n\"\n\n    for i in \"${!_PLIST_ENTRY_KEYS[@]}\"; do\n      setPlistValue \"${_PLIST_ENTRY_KEYS[$i]}\" \"${_PLIST_ENTRY_TYPES[$i]}\" \"${_PLIST_ENTRY_VALUES[$i]}\" \"${plist}\"\n    done\n\n    # restore the original internal field separator value\n    IFS=$oldifs\n  else\n    echo \"warning:   A Info.plist build output file was not found (${plist})\"\n  fi\ndone\n\necho \"info: <- RNFB build script finished\"\n\n";
		};
		5B994F09AA9E97F1DC3C0A1F /* [CP] Check Pods Manifest.lock */ = {
			isa = PBXShellScriptBuildPhase;
			buildActionMask = 2147483647;
			files = (
			);
			inputFileListPaths = (
			);
			inputPaths = (
				"${PODS_PODFILE_DIR_PATH}/Podfile.lock",
				"${PODS_ROOT}/Manifest.lock",
			);
			name = "[CP] Check Pods Manifest.lock";
			outputFileListPaths = (
			);
			outputPaths = (
				"$(DERIVED_FILE_DIR)/Pods-TodorantToday-checkManifestLockResult.txt",
			);
			runOnlyForDeploymentPostprocessing = 0;
			shellPath = /bin/sh;
			shellScript = "diff \"${PODS_PODFILE_DIR_PATH}/Podfile.lock\" \"${PODS_ROOT}/Manifest.lock\" > /dev/null\nif [ $? != 0 ] ; then\n    # print error to STDERR\n    echo \"error: The sandbox is not in sync with the Podfile.lock. Run 'pod install' or update your CocoaPods installation.\" >&2\n    exit 1\nfi\n# This output is used by Xcode 'outputs' to avoid re-running this script phase.\necho \"SUCCESS\" > \"${SCRIPT_OUTPUT_FILE_0}\"\n";
			showEnvVarsInLog = 0;
		};
		DD799A975E95707E4971643D /* [CP] Check Pods Manifest.lock */ = {
			isa = PBXShellScriptBuildPhase;
			buildActionMask = 2147483647;
			files = (
			);
			inputFileListPaths = (
			);
			inputPaths = (
				"${PODS_PODFILE_DIR_PATH}/Podfile.lock",
				"${PODS_ROOT}/Manifest.lock",
			);
			name = "[CP] Check Pods Manifest.lock";
			outputFileListPaths = (
			);
			outputPaths = (
				"$(DERIVED_FILE_DIR)/Pods-Todorant-checkManifestLockResult.txt",
			);
			runOnlyForDeploymentPostprocessing = 0;
			shellPath = /bin/sh;
			shellScript = "diff \"${PODS_PODFILE_DIR_PATH}/Podfile.lock\" \"${PODS_ROOT}/Manifest.lock\" > /dev/null\nif [ $? != 0 ] ; then\n    # print error to STDERR\n    echo \"error: The sandbox is not in sync with the Podfile.lock. Run 'pod install' or update your CocoaPods installation.\" >&2\n    exit 1\nfi\n# This output is used by Xcode 'outputs' to avoid re-running this script phase.\necho \"SUCCESS\" > \"${SCRIPT_OUTPUT_FILE_0}\"\n";
			showEnvVarsInLog = 0;
		};
		EE93B69F5966211D2E5AE328 /* [CP] Copy Pods Resources */ = {
			isa = PBXShellScriptBuildPhase;
			buildActionMask = 2147483647;
			files = (
			);
			inputPaths = (
				"${PODS_ROOT}/Target Support Files/Pods-Todorant/Pods-Todorant-resources.sh",
				"${PODS_ROOT}/FBSDKCoreKit/FacebookSDKStrings.bundle",
				"${PODS_ROOT}/GoogleSignIn/Resources/GoogleSignIn.bundle",
			);
			name = "[CP] Copy Pods Resources";
			outputPaths = (
				"${TARGET_BUILD_DIR}/${UNLOCALIZED_RESOURCES_FOLDER_PATH}/FacebookSDKStrings.bundle",
				"${TARGET_BUILD_DIR}/${UNLOCALIZED_RESOURCES_FOLDER_PATH}/GoogleSignIn.bundle",
			);
			runOnlyForDeploymentPostprocessing = 0;
			shellPath = /bin/sh;
			shellScript = "\"${PODS_ROOT}/Target Support Files/Pods-Todorant/Pods-Todorant-resources.sh\"\n";
			showEnvVarsInLog = 0;
		};
		FD10A7F022414F080027D42C /* Start Packager */ = {
			isa = PBXShellScriptBuildPhase;
			buildActionMask = 2147483647;
			files = (
			);
			inputFileListPaths = (
			);
			inputPaths = (
			);
			name = "Start Packager";
			outputFileListPaths = (
			);
			outputPaths = (
			);
			runOnlyForDeploymentPostprocessing = 0;
			shellPath = /bin/sh;
			shellScript = "export RCT_METRO_PORT=\"${RCT_METRO_PORT:=8081}\"\necho \"export RCT_METRO_PORT=${RCT_METRO_PORT}\" > \"${SRCROOT}/../node_modules/react-native/scripts/.packager.env\"\nif [ -z \"${RCT_NO_LAUNCH_PACKAGER+xxx}\" ] ; then\n  if nc -w 5 -z localhost ${RCT_METRO_PORT} ; then\n    if ! curl -s \"http://localhost:${RCT_METRO_PORT}/status\" | grep -q \"packager-status:running\" ; then\n      echo \"Port ${RCT_METRO_PORT} already in use, packager is either not running or not running correctly\"\n      exit 2\n    fi\n  else\n    open \"$SRCROOT/../node_modules/react-native/scripts/launchPackager.command\" || echo \"Can't start packager automatically\"\n  fi\nfi\n";
			showEnvVarsInLog = 0;
		};
/* End PBXShellScriptBuildPhase section */

/* Begin PBXSourcesBuildPhase section */
		13B07F871A680F5B00A75B9A /* Sources */ = {
			isa = PBXSourcesBuildPhase;
			buildActionMask = 2147483647;
			files = (
				BB3A79F12425B9530014DE92 /* KeychainManagerBridge.m in Sources */,
				13B07FBC1A68108700A75B9A /* AppDelegate.m in Sources */,
				BB3A79ED2425B71F0014DE92 /* KeychainManager.swift in Sources */,
				BB3A79E92425B6850014DE92 /* KeychainItemAccessibility.swift in Sources */,
				13B07FC11A68108700A75B9A /* main.m in Sources */,
				BB3A79EA2425B6850014DE92 /* KeychainWrapper.swift in Sources */,
			);
			runOnlyForDeploymentPostprocessing = 0;
		};
		BB3A79B02425AF000014DE92 /* Sources */ = {
			isa = PBXSourcesBuildPhase;
			buildActionMask = 2147483647;
			files = (
				BB3A79E22425B0660014DE92 /* String+Today.swift in Sources */,
				BB3A79D32425B0470014DE92 /* ActivityIndicator.swift in Sources */,
				BB3A79D52425B0470014DE92 /* Request.swift in Sources */,
				BB3A79DB2425B0470014DE92 /* CurrentView.swift in Sources */,
				BB3A79D82425B0470014DE92 /* TodayViewController.swift in Sources */,
				BB3A79E12425B0660014DE92 /* DateFormatter+AppFormat.swift in Sources */,
				BB3A79D72425B0470014DE92 /* ClearView.swift in Sources */,
				BB3A79DE2425B0470014DE92 /* TodoRoute.swift in Sources */,
				BB3A79D62425B0470014DE92 /* EmptyCurrentView.swift in Sources */,
				BB3A79DA2425B0470014DE92 /* Date+Today.swift in Sources */,
				BB3A79D42425B0470014DE92 /* Store.swift in Sources */,
				BB3A79DC2425B0470014DE92 /* ProgressView.swift in Sources */,
			);
			runOnlyForDeploymentPostprocessing = 0;
		};
		BB3A79F22426933F0014DE92 /* Sources */ = {
			isa = PBXSourcesBuildPhase;
			buildActionMask = 2147483647;
			files = (
				BB3A79F92426933F0014DE92 /* TodorantUITests.swift in Sources */,
				BB3A7A03242694A70014DE92 /* SnapshotHelper.swift in Sources */,
			);
			runOnlyForDeploymentPostprocessing = 0;
		};
/* End PBXSourcesBuildPhase section */

/* Begin PBXTargetDependency section */
		BB3A79BF2425AF000014DE92 /* PBXTargetDependency */ = {
			isa = PBXTargetDependency;
			target = BB3A79B32425AF000014DE92 /* TodorantToday */;
			targetProxy = BB3A79BE2425AF000014DE92 /* PBXContainerItemProxy */;
		};
		BB3A79FC2426933F0014DE92 /* PBXTargetDependency */ = {
			isa = PBXTargetDependency;
			target = 13B07F861A680F5B00A75B9A /* Todorant */;
			targetProxy = BB3A79FB2426933F0014DE92 /* PBXContainerItemProxy */;
		};
/* End PBXTargetDependency section */

/* Begin PBXVariantGroup section */
		13B07FB11A68108700A75B9A /* LaunchScreen.xib */ = {
			isa = PBXVariantGroup;
			children = (
				13B07FB21A68108700A75B9A /* Base */,
				BBE891C82436B1D800A9CA36 /* ru */,
				BBE891C92436B1E400A9CA36 /* uk */,
				BB093AB424508A14007616A5 /* it */,
				BBC0EFFD24734FC2000B9C72 /* es */,
				BBC0EFFF2473500B000B9C72 /* pt-BR */,
			);
			name = LaunchScreen.xib;
			path = Todorant;
			sourceTree = "<group>";
		};
		BB78173A245CE04A004EF3E5 /* InfoPlist.strings */ = {
			isa = PBXVariantGroup;
			children = (
				BB781739245CE04A004EF3E5 /* en */,
				BB78173B245CE04D004EF3E5 /* it */,
				BB78173C245CE050004EF3E5 /* ru */,
				BB78173D245CE051004EF3E5 /* uk */,
				BBC0EFFE24734FC2000B9C72 /* es */,
				BBC0F0002473500B000B9C72 /* pt-BR */,
			);
			name = InfoPlist.strings;
			sourceTree = "<group>";
		};
/* End PBXVariantGroup section */

/* Begin XCBuildConfiguration section */
		13B07F941A680F5B00A75B9A /* Debug */ = {
			isa = XCBuildConfiguration;
			baseConfigurationReference = 12605D19CFB4B8625CE9AE4F /* Pods-Todorant.debug.xcconfig */;
			buildSettings = {
				ALWAYS_EMBED_SWIFT_STANDARD_LIBRARIES = YES;
				ASSETCATALOG_COMPILER_APPICON_NAME = AppIcon;
				CLANG_ENABLE_MODULES = YES;
				CODE_SIGN_ENTITLEMENTS = Todorant/Todorant.entitlements;
				CURRENT_PROJECT_VERSION = 43;
				DEAD_CODE_STRIPPING = NO;
				DEVELOPMENT_TEAM = ACWP4F58HZ;
				INFOPLIST_FILE = Todorant/Info.plist;
				IPHONEOS_DEPLOYMENT_TARGET = 10.0;
				LD_RUNPATH_SEARCH_PATHS = "$(inherited) @executable_path/Frameworks";
				MARKETING_VERSION = 1.0.23;
				OTHER_LDFLAGS = (
					"$(inherited)",
					"-ObjC",
					"-lc++",
				);
				PRODUCT_BUNDLE_IDENTIFIER = com.todorant.app;
				PRODUCT_NAME = Todorant;
				SWIFT_OBJC_BRIDGING_HEADER = "Todorant-Bridging-Header.h";
				SWIFT_OPTIMIZATION_LEVEL = "-Onone";
				SWIFT_VERSION = 5.0;
				TARGETED_DEVICE_FAMILY = "1,2";
				VERSIONING_SYSTEM = "apple-generic";
			};
			name = Debug;
		};
		13B07F951A680F5B00A75B9A /* Release */ = {
			isa = XCBuildConfiguration;
			baseConfigurationReference = 084D3A4A3ECAAED80B4D187B /* Pods-Todorant.release.xcconfig */;
			buildSettings = {
				ALWAYS_EMBED_SWIFT_STANDARD_LIBRARIES = YES;
				ASSETCATALOG_COMPILER_APPICON_NAME = AppIcon;
				CLANG_ENABLE_MODULES = YES;
				CODE_SIGN_ENTITLEMENTS = Todorant/Todorant.entitlements;
				CURRENT_PROJECT_VERSION = 43;
				DEVELOPMENT_TEAM = ACWP4F58HZ;
				INFOPLIST_FILE = Todorant/Info.plist;
				IPHONEOS_DEPLOYMENT_TARGET = 10.0;
				LD_RUNPATH_SEARCH_PATHS = "$(inherited) @executable_path/Frameworks";
				MARKETING_VERSION = 1.0.23;
				OTHER_LDFLAGS = (
					"$(inherited)",
					"-ObjC",
					"-lc++",
				);
				PRODUCT_BUNDLE_IDENTIFIER = com.todorant.app;
				PRODUCT_NAME = Todorant;
				SWIFT_OBJC_BRIDGING_HEADER = "Todorant-Bridging-Header.h";
				SWIFT_VERSION = 5.0;
				TARGETED_DEVICE_FAMILY = "1,2";
				VERSIONING_SYSTEM = "apple-generic";
			};
			name = Release;
		};
		83CBBA201A601CBA00E9B192 /* Debug */ = {
			isa = XCBuildConfiguration;
			buildSettings = {
				ALWAYS_SEARCH_USER_PATHS = NO;
				CLANG_ANALYZER_LOCALIZABILITY_NONLOCALIZED = YES;
				CLANG_CXX_LANGUAGE_STANDARD = "gnu++0x";
				CLANG_CXX_LIBRARY = "libc++";
				CLANG_ENABLE_MODULES = YES;
				CLANG_ENABLE_OBJC_ARC = YES;
				CLANG_WARN_BLOCK_CAPTURE_AUTORELEASING = YES;
				CLANG_WARN_BOOL_CONVERSION = YES;
				CLANG_WARN_COMMA = YES;
				CLANG_WARN_CONSTANT_CONVERSION = YES;
				CLANG_WARN_DEPRECATED_OBJC_IMPLEMENTATIONS = YES;
				CLANG_WARN_DIRECT_OBJC_ISA_USAGE = YES_ERROR;
				CLANG_WARN_EMPTY_BODY = YES;
				CLANG_WARN_ENUM_CONVERSION = YES;
				CLANG_WARN_INFINITE_RECURSION = YES;
				CLANG_WARN_INT_CONVERSION = YES;
				CLANG_WARN_NON_LITERAL_NULL_CONVERSION = YES;
				CLANG_WARN_OBJC_IMPLICIT_RETAIN_SELF = YES;
				CLANG_WARN_OBJC_LITERAL_CONVERSION = YES;
				CLANG_WARN_OBJC_ROOT_CLASS = YES_ERROR;
				CLANG_WARN_RANGE_LOOP_ANALYSIS = YES;
				CLANG_WARN_STRICT_PROTOTYPES = YES;
				CLANG_WARN_SUSPICIOUS_MOVE = YES;
				CLANG_WARN_UNREACHABLE_CODE = YES;
				CLANG_WARN__DUPLICATE_METHOD_MATCH = YES;
				"CODE_SIGN_IDENTITY[sdk=iphoneos*]" = "iPhone Developer";
				COPY_PHASE_STRIP = NO;
				ENABLE_STRICT_OBJC_MSGSEND = YES;
				ENABLE_TESTABILITY = YES;
				GCC_C_LANGUAGE_STANDARD = gnu99;
				GCC_DYNAMIC_NO_PIC = NO;
				GCC_NO_COMMON_BLOCKS = YES;
				GCC_OPTIMIZATION_LEVEL = 0;
				GCC_PREPROCESSOR_DEFINITIONS = (
					"DEBUG=1",
					"$(inherited)",
				);
				GCC_SYMBOLS_PRIVATE_EXTERN = NO;
				GCC_WARN_64_TO_32_BIT_CONVERSION = YES;
				GCC_WARN_ABOUT_RETURN_TYPE = YES_ERROR;
				GCC_WARN_UNDECLARED_SELECTOR = YES;
				GCC_WARN_UNINITIALIZED_AUTOS = YES_AGGRESSIVE;
				GCC_WARN_UNUSED_FUNCTION = YES;
				GCC_WARN_UNUSED_VARIABLE = YES;
				IPHONEOS_DEPLOYMENT_TARGET = 9.0;
				MTL_ENABLE_DEBUG_INFO = YES;
				ONLY_ACTIVE_ARCH = YES;
				SDKROOT = iphoneos;
			};
			name = Debug;
		};
		83CBBA211A601CBA00E9B192 /* Release */ = {
			isa = XCBuildConfiguration;
			buildSettings = {
				ALWAYS_SEARCH_USER_PATHS = NO;
				CLANG_ANALYZER_LOCALIZABILITY_NONLOCALIZED = YES;
				CLANG_CXX_LANGUAGE_STANDARD = "gnu++0x";
				CLANG_CXX_LIBRARY = "libc++";
				CLANG_ENABLE_MODULES = YES;
				CLANG_ENABLE_OBJC_ARC = YES;
				CLANG_WARN_BLOCK_CAPTURE_AUTORELEASING = YES;
				CLANG_WARN_BOOL_CONVERSION = YES;
				CLANG_WARN_COMMA = YES;
				CLANG_WARN_CONSTANT_CONVERSION = YES;
				CLANG_WARN_DEPRECATED_OBJC_IMPLEMENTATIONS = YES;
				CLANG_WARN_DIRECT_OBJC_ISA_USAGE = YES_ERROR;
				CLANG_WARN_EMPTY_BODY = YES;
				CLANG_WARN_ENUM_CONVERSION = YES;
				CLANG_WARN_INFINITE_RECURSION = YES;
				CLANG_WARN_INT_CONVERSION = YES;
				CLANG_WARN_NON_LITERAL_NULL_CONVERSION = YES;
				CLANG_WARN_OBJC_IMPLICIT_RETAIN_SELF = YES;
				CLANG_WARN_OBJC_LITERAL_CONVERSION = YES;
				CLANG_WARN_OBJC_ROOT_CLASS = YES_ERROR;
				CLANG_WARN_RANGE_LOOP_ANALYSIS = YES;
				CLANG_WARN_STRICT_PROTOTYPES = YES;
				CLANG_WARN_SUSPICIOUS_MOVE = YES;
				CLANG_WARN_UNREACHABLE_CODE = YES;
				CLANG_WARN__DUPLICATE_METHOD_MATCH = YES;
				"CODE_SIGN_IDENTITY[sdk=iphoneos*]" = "iPhone Developer";
				COPY_PHASE_STRIP = YES;
				ENABLE_NS_ASSERTIONS = NO;
				ENABLE_STRICT_OBJC_MSGSEND = YES;
				GCC_C_LANGUAGE_STANDARD = gnu99;
				GCC_NO_COMMON_BLOCKS = YES;
				GCC_WARN_64_TO_32_BIT_CONVERSION = YES;
				GCC_WARN_ABOUT_RETURN_TYPE = YES_ERROR;
				GCC_WARN_UNDECLARED_SELECTOR = YES;
				GCC_WARN_UNINITIALIZED_AUTOS = YES_AGGRESSIVE;
				GCC_WARN_UNUSED_FUNCTION = YES;
				GCC_WARN_UNUSED_VARIABLE = YES;
				IPHONEOS_DEPLOYMENT_TARGET = 9.0;
				MTL_ENABLE_DEBUG_INFO = NO;
				SDKROOT = iphoneos;
				VALIDATE_PRODUCT = YES;
			};
			name = Release;
		};
		BB3A79C22425AF000014DE92 /* Debug */ = {
			isa = XCBuildConfiguration;
			baseConfigurationReference = 08DA2AA216BB3DF6570B4821 /* Pods-TodorantToday.debug.xcconfig */;
			buildSettings = {
				CLANG_ANALYZER_NONNULL = YES;
				CLANG_ANALYZER_NUMBER_OBJECT_CONVERSION = YES_AGGRESSIVE;
				CLANG_CXX_LANGUAGE_STANDARD = "gnu++14";
				CLANG_ENABLE_MODULES = YES;
				CLANG_ENABLE_OBJC_WEAK = YES;
				CLANG_WARN_DOCUMENTATION_COMMENTS = YES;
				CLANG_WARN_UNGUARDED_AVAILABILITY = YES_AGGRESSIVE;
				CODE_SIGN_ENTITLEMENTS = TodorantToday/TodorantToday.entitlements;
				CODE_SIGN_STYLE = Automatic;
				CURRENT_PROJECT_VERSION = 43;
				DEBUG_INFORMATION_FORMAT = dwarf;
				DEVELOPMENT_TEAM = ACWP4F58HZ;
				GCC_C_LANGUAGE_STANDARD = gnu11;
				INFOPLIST_FILE = TodorantToday/Info.plist;
				IPHONEOS_DEPLOYMENT_TARGET = 13.2;
				LD_RUNPATH_SEARCH_PATHS = "$(inherited) @executable_path/Frameworks @executable_path/../../Frameworks";
				MARKETING_VERSION = 1.0.23;
				MTL_ENABLE_DEBUG_INFO = INCLUDE_SOURCE;
				MTL_FAST_MATH = YES;
				PRODUCT_BUNDLE_IDENTIFIER = com.todorant.app.TodorantToday;
				PRODUCT_NAME = "$(TARGET_NAME)";
				SKIP_INSTALL = YES;
				SWIFT_ACTIVE_COMPILATION_CONDITIONS = DEBUG;
				SWIFT_OPTIMIZATION_LEVEL = "-Onone";
				SWIFT_VERSION = 5.0;
				TARGETED_DEVICE_FAMILY = "1,2";
			};
			name = Debug;
		};
		BB3A79C32425AF000014DE92 /* Release */ = {
			isa = XCBuildConfiguration;
			baseConfigurationReference = 2D37236255CD447B84E4128E /* Pods-TodorantToday.release.xcconfig */;
			buildSettings = {
				CLANG_ANALYZER_NONNULL = YES;
				CLANG_ANALYZER_NUMBER_OBJECT_CONVERSION = YES_AGGRESSIVE;
				CLANG_CXX_LANGUAGE_STANDARD = "gnu++14";
				CLANG_ENABLE_MODULES = YES;
				CLANG_ENABLE_OBJC_WEAK = YES;
				CLANG_WARN_DOCUMENTATION_COMMENTS = YES;
				CLANG_WARN_UNGUARDED_AVAILABILITY = YES_AGGRESSIVE;
				CODE_SIGN_ENTITLEMENTS = TodorantToday/TodorantToday.entitlements;
				CODE_SIGN_STYLE = Automatic;
				COPY_PHASE_STRIP = NO;
				CURRENT_PROJECT_VERSION = 43;
				DEBUG_INFORMATION_FORMAT = "dwarf-with-dsym";
				DEVELOPMENT_TEAM = ACWP4F58HZ;
				GCC_C_LANGUAGE_STANDARD = gnu11;
				INFOPLIST_FILE = TodorantToday/Info.plist;
				IPHONEOS_DEPLOYMENT_TARGET = 13.2;
				LD_RUNPATH_SEARCH_PATHS = "$(inherited) @executable_path/Frameworks @executable_path/../../Frameworks";
				MARKETING_VERSION = 1.0.23;
				MTL_FAST_MATH = YES;
				PRODUCT_BUNDLE_IDENTIFIER = com.todorant.app.TodorantToday;
				PRODUCT_NAME = "$(TARGET_NAME)";
				SKIP_INSTALL = YES;
				SWIFT_OPTIMIZATION_LEVEL = "-Owholemodule";
				SWIFT_VERSION = 5.0;
				TARGETED_DEVICE_FAMILY = "1,2";
			};
			name = Release;
		};
		BB3A79FD2426933F0014DE92 /* Debug */ = {
			isa = XCBuildConfiguration;
			buildSettings = {
				CLANG_ANALYZER_NONNULL = YES;
				CLANG_ANALYZER_NUMBER_OBJECT_CONVERSION = YES_AGGRESSIVE;
				CLANG_CXX_LANGUAGE_STANDARD = "gnu++14";
				CLANG_ENABLE_OBJC_WEAK = YES;
				CLANG_WARN_DOCUMENTATION_COMMENTS = YES;
				CLANG_WARN_UNGUARDED_AVAILABILITY = YES_AGGRESSIVE;
				CODE_SIGN_STYLE = Automatic;
				DEBUG_INFORMATION_FORMAT = dwarf;
				DEVELOPMENT_TEAM = 29KKQYWZ97;
				GCC_C_LANGUAGE_STANDARD = gnu11;
				INFOPLIST_FILE = TodorantUITests/Info.plist;
				IPHONEOS_DEPLOYMENT_TARGET = 13.2;
				LD_RUNPATH_SEARCH_PATHS = "$(inherited) @executable_path/Frameworks @loader_path/Frameworks";
				MTL_ENABLE_DEBUG_INFO = INCLUDE_SOURCE;
				MTL_FAST_MATH = YES;
				PRODUCT_BUNDLE_IDENTIFIER = NKL.TodorantUITests;
				PRODUCT_NAME = "$(TARGET_NAME)";
				SWIFT_ACTIVE_COMPILATION_CONDITIONS = DEBUG;
				SWIFT_OPTIMIZATION_LEVEL = "-Onone";
				SWIFT_VERSION = 5.0;
				TARGETED_DEVICE_FAMILY = "1,2";
				TEST_TARGET_NAME = Todorant;
			};
			name = Debug;
		};
		BB3A79FE2426933F0014DE92 /* Release */ = {
			isa = XCBuildConfiguration;
			buildSettings = {
				CLANG_ANALYZER_NONNULL = YES;
				CLANG_ANALYZER_NUMBER_OBJECT_CONVERSION = YES_AGGRESSIVE;
				CLANG_CXX_LANGUAGE_STANDARD = "gnu++14";
				CLANG_ENABLE_OBJC_WEAK = YES;
				CLANG_WARN_DOCUMENTATION_COMMENTS = YES;
				CLANG_WARN_UNGUARDED_AVAILABILITY = YES_AGGRESSIVE;
				CODE_SIGN_STYLE = Automatic;
				COPY_PHASE_STRIP = NO;
				DEBUG_INFORMATION_FORMAT = "dwarf-with-dsym";
				DEVELOPMENT_TEAM = 29KKQYWZ97;
				GCC_C_LANGUAGE_STANDARD = gnu11;
				INFOPLIST_FILE = TodorantUITests/Info.plist;
				IPHONEOS_DEPLOYMENT_TARGET = 13.2;
				LD_RUNPATH_SEARCH_PATHS = "$(inherited) @executable_path/Frameworks @loader_path/Frameworks";
				MTL_FAST_MATH = YES;
				PRODUCT_BUNDLE_IDENTIFIER = NKL.TodorantUITests;
				PRODUCT_NAME = "$(TARGET_NAME)";
				SWIFT_OPTIMIZATION_LEVEL = "-Owholemodule";
				SWIFT_VERSION = 5.0;
				TARGETED_DEVICE_FAMILY = "1,2";
				TEST_TARGET_NAME = Todorant;
			};
			name = Release;
		};
/* End XCBuildConfiguration section */

/* Begin XCConfigurationList section */
		13B07F931A680F5B00A75B9A /* Build configuration list for PBXNativeTarget "Todorant" */ = {
			isa = XCConfigurationList;
			buildConfigurations = (
				13B07F941A680F5B00A75B9A /* Debug */,
				13B07F951A680F5B00A75B9A /* Release */,
			);
			defaultConfigurationIsVisible = 0;
			defaultConfigurationName = Release;
		};
		83CBB9FA1A601CBA00E9B192 /* Build configuration list for PBXProject "Todorant" */ = {
			isa = XCConfigurationList;
			buildConfigurations = (
				83CBBA201A601CBA00E9B192 /* Debug */,
				83CBBA211A601CBA00E9B192 /* Release */,
			);
			defaultConfigurationIsVisible = 0;
			defaultConfigurationName = Release;
		};
		BB3A79C42425AF000014DE92 /* Build configuration list for PBXNativeTarget "TodorantToday" */ = {
			isa = XCConfigurationList;
			buildConfigurations = (
				BB3A79C22425AF000014DE92 /* Debug */,
				BB3A79C32425AF000014DE92 /* Release */,
			);
			defaultConfigurationIsVisible = 0;
			defaultConfigurationName = Release;
		};
		BB3A79FF2426933F0014DE92 /* Build configuration list for PBXNativeTarget "TodorantUITests" */ = {
			isa = XCConfigurationList;
			buildConfigurations = (
				BB3A79FD2426933F0014DE92 /* Debug */,
				BB3A79FE2426933F0014DE92 /* Release */,
			);
			defaultConfigurationIsVisible = 0;
			defaultConfigurationName = Release;
		};
/* End XCConfigurationList section */
	};
	rootObject = 83CBB9F71A601CBA00E9B192 /* Project object */;
}
